// !$*UTF8*$!
{
	archiveVersion = 1;
	classes = {
	};
	objectVersion = 50;
	objects = {

/* Begin PBXBuildFile section */
		6E1AC1FC248C7F77004C006A /* MasterView.swift in Sources */ = {isa = PBXBuildFile; fileRef = 6E1AC1FB248C7F77004C006A /* MasterView.swift */; };
		6E1AC1FE248C83D6004C006A /* craftEssence_1214.json in Resources */ = {isa = PBXBuildFile; fileRef = 6E1AC1FD248C83D6004C006A /* craftEssence_1214.json */; };
		6E1AC200248C8942004C006A /* CommandCode.swift in Sources */ = {isa = PBXBuildFile; fileRef = 6E1AC1FF248C8942004C006A /* CommandCode.swift */; };
		6E1AC2B6248C90B0004C006A /* command_code_42.json in Resources */ = {isa = PBXBuildFile; fileRef = 6E1AC27A248C90AD004C006A /* command_code_42.json */; };
		6E1AC2B7248C90B0004C006A /* command_code_55.json in Resources */ = {isa = PBXBuildFile; fileRef = 6E1AC27B248C90AD004C006A /* command_code_55.json */; };
		6E1AC2B8248C90B0004C006A /* command_code_25.json in Resources */ = {isa = PBXBuildFile; fileRef = 6E1AC27C248C90AD004C006A /* command_code_25.json */; };
		6E1AC2B9248C90B0004C006A /* command_code_59.json in Resources */ = {isa = PBXBuildFile; fileRef = 6E1AC27D248C90AD004C006A /* command_code_59.json */; };
		6E1AC2BA248C90B0004C006A /* command_code_2.json in Resources */ = {isa = PBXBuildFile; fileRef = 6E1AC27E248C90AD004C006A /* command_code_2.json */; };
		6E1AC2BB248C90B0004C006A /* command_code_22.json in Resources */ = {isa = PBXBuildFile; fileRef = 6E1AC27F248C90AD004C006A /* command_code_22.json */; };
		6E1AC2BC248C90B0004C006A /* command_code_12.json in Resources */ = {isa = PBXBuildFile; fileRef = 6E1AC280248C90AD004C006A /* command_code_12.json */; };
		6E1AC2BD248C90B0004C006A /* command_code_39.json in Resources */ = {isa = PBXBuildFile; fileRef = 6E1AC281248C90AD004C006A /* command_code_39.json */; };
		6E1AC2BE248C90B0004C006A /* command_code_38.json in Resources */ = {isa = PBXBuildFile; fileRef = 6E1AC282248C90AD004C006A /* command_code_38.json */; };
		6E1AC2BF248C90B0004C006A /* command_code_24.json in Resources */ = {isa = PBXBuildFile; fileRef = 6E1AC283248C90AD004C006A /* command_code_24.json */; };
		6E1AC2C0248C90B0004C006A /* command_code_34.json in Resources */ = {isa = PBXBuildFile; fileRef = 6E1AC284248C90AD004C006A /* command_code_34.json */; };
		6E1AC2C1248C90B0004C006A /* command_code_1.json in Resources */ = {isa = PBXBuildFile; fileRef = 6E1AC285248C90AD004C006A /* command_code_1.json */; };
		6E1AC2C2248C90B0004C006A /* command_code_4.json in Resources */ = {isa = PBXBuildFile; fileRef = 6E1AC286248C90AD004C006A /* command_code_4.json */; };
		6E1AC2C3248C90B0004C006A /* command_code_8.json in Resources */ = {isa = PBXBuildFile; fileRef = 6E1AC287248C90AD004C006A /* command_code_8.json */; };
		6E1AC2C4248C90B0004C006A /* command_code_32.json in Resources */ = {isa = PBXBuildFile; fileRef = 6E1AC288248C90AD004C006A /* command_code_32.json */; };
		6E1AC2C5248C90B0004C006A /* command_code_19.json in Resources */ = {isa = PBXBuildFile; fileRef = 6E1AC289248C90AD004C006A /* command_code_19.json */; };
		6E1AC2C6248C90B0004C006A /* command_code_17.json in Resources */ = {isa = PBXBuildFile; fileRef = 6E1AC28A248C90AD004C006A /* command_code_17.json */; };
		6E1AC2C7248C90B0004C006A /* command_code_9.json in Resources */ = {isa = PBXBuildFile; fileRef = 6E1AC28B248C90AD004C006A /* command_code_9.json */; };
		6E1AC2C8248C90B0004C006A /* command_code_20.json in Resources */ = {isa = PBXBuildFile; fileRef = 6E1AC28C248C90AD004C006A /* command_code_20.json */; };
		6E1AC2C9248C90B0004C006A /* command_code_6.json in Resources */ = {isa = PBXBuildFile; fileRef = 6E1AC28D248C90AD004C006A /* command_code_6.json */; };
		6E1AC2CA248C90B0004C006A /* command_code_29.json in Resources */ = {isa = PBXBuildFile; fileRef = 6E1AC28E248C90AD004C006A /* command_code_29.json */; };
		6E1AC2CB248C90B0004C006A /* command_code_11.json in Resources */ = {isa = PBXBuildFile; fileRef = 6E1AC28F248C90AD004C006A /* command_code_11.json */; };
		6E1AC2CC248C90B0004C006A /* command_code_16.json in Resources */ = {isa = PBXBuildFile; fileRef = 6E1AC290248C90AD004C006A /* command_code_16.json */; };
		6E1AC2CD248C90B0004C006A /* command_code_49.json in Resources */ = {isa = PBXBuildFile; fileRef = 6E1AC291248C90AD004C006A /* command_code_49.json */; };
		6E1AC2CE248C90B0004C006A /* command_code_5.json in Resources */ = {isa = PBXBuildFile; fileRef = 6E1AC292248C90AD004C006A /* command_code_5.json */; };
		6E1AC2CF248C90B0004C006A /* command_code_58.json in Resources */ = {isa = PBXBuildFile; fileRef = 6E1AC293248C90AD004C006A /* command_code_58.json */; };
		6E1AC2D0248C90B0004C006A /* command_code_35.json in Resources */ = {isa = PBXBuildFile; fileRef = 6E1AC294248C90AE004C006A /* command_code_35.json */; };
		6E1AC2D1248C90B0004C006A /* command_code_56.json in Resources */ = {isa = PBXBuildFile; fileRef = 6E1AC295248C90AE004C006A /* command_code_56.json */; };
		6E1AC2D2248C90B0004C006A /* command_code_45.json in Resources */ = {isa = PBXBuildFile; fileRef = 6E1AC296248C90AE004C006A /* command_code_45.json */; };
		6E1AC2D3248C90B0004C006A /* command_code_60.json in Resources */ = {isa = PBXBuildFile; fileRef = 6E1AC297248C90AE004C006A /* command_code_60.json */; };
		6E1AC2D4248C90B0004C006A /* command_code_47.json in Resources */ = {isa = PBXBuildFile; fileRef = 6E1AC298248C90AE004C006A /* command_code_47.json */; };
		6E1AC2D5248C90B0004C006A /* command_code_28.json in Resources */ = {isa = PBXBuildFile; fileRef = 6E1AC299248C90AE004C006A /* command_code_28.json */; };
		6E1AC2D6248C90B0004C006A /* command_code_51.json in Resources */ = {isa = PBXBuildFile; fileRef = 6E1AC29A248C90AE004C006A /* command_code_51.json */; };
		6E1AC2D7248C90B0004C006A /* command_code_23.json in Resources */ = {isa = PBXBuildFile; fileRef = 6E1AC29B248C90AE004C006A /* command_code_23.json */; };
		6E1AC2D8248C90B0004C006A /* command_code_46.json in Resources */ = {isa = PBXBuildFile; fileRef = 6E1AC29C248C90AE004C006A /* command_code_46.json */; };
		6E1AC2D9248C90B0004C006A /* command_code_41.json in Resources */ = {isa = PBXBuildFile; fileRef = 6E1AC29D248C90AE004C006A /* command_code_41.json */; };
		6E1AC2DA248C90B0004C006A /* command_code_43.json in Resources */ = {isa = PBXBuildFile; fileRef = 6E1AC29E248C90AE004C006A /* command_code_43.json */; };
		6E1AC2DB248C90B0004C006A /* command_code_40.json in Resources */ = {isa = PBXBuildFile; fileRef = 6E1AC29F248C90AE004C006A /* command_code_40.json */; };
		6E1AC2DC248C90B0004C006A /* command_code_44.json in Resources */ = {isa = PBXBuildFile; fileRef = 6E1AC2A0248C90AE004C006A /* command_code_44.json */; };
		6E1AC2DD248C90B0004C006A /* command_code_52.json in Resources */ = {isa = PBXBuildFile; fileRef = 6E1AC2A1248C90AE004C006A /* command_code_52.json */; };
		6E1AC2DE248C90B0004C006A /* command_code_30.json in Resources */ = {isa = PBXBuildFile; fileRef = 6E1AC2A2248C90AE004C006A /* command_code_30.json */; };
		6E1AC2DF248C90B0004C006A /* command_code_18.json in Resources */ = {isa = PBXBuildFile; fileRef = 6E1AC2A3248C90AE004C006A /* command_code_18.json */; };
		6E1AC2E0248C90B0004C006A /* command_code_57.json in Resources */ = {isa = PBXBuildFile; fileRef = 6E1AC2A4248C90AE004C006A /* command_code_57.json */; };
		6E1AC2E1248C90B0004C006A /* command_code_7.json in Resources */ = {isa = PBXBuildFile; fileRef = 6E1AC2A5248C90AE004C006A /* command_code_7.json */; };
		6E1AC2E2248C90B0004C006A /* command_code_21.json in Resources */ = {isa = PBXBuildFile; fileRef = 6E1AC2A6248C90AF004C006A /* command_code_21.json */; };
		6E1AC2E3248C90B0004C006A /* command_code_53.json in Resources */ = {isa = PBXBuildFile; fileRef = 6E1AC2A7248C90AF004C006A /* command_code_53.json */; };
		6E1AC2E4248C90B0004C006A /* command_code_3.json in Resources */ = {isa = PBXBuildFile; fileRef = 6E1AC2A8248C90AF004C006A /* command_code_3.json */; };
		6E1AC2E5248C90B0004C006A /* command_code_48.json in Resources */ = {isa = PBXBuildFile; fileRef = 6E1AC2A9248C90AF004C006A /* command_code_48.json */; };
		6E1AC2E6248C90B0004C006A /* command_code_14.json in Resources */ = {isa = PBXBuildFile; fileRef = 6E1AC2AA248C90AF004C006A /* command_code_14.json */; };
		6E1AC2E7248C90B0004C006A /* command_code_37.json in Resources */ = {isa = PBXBuildFile; fileRef = 6E1AC2AB248C90AF004C006A /* command_code_37.json */; };
		6E1AC2E8248C90B0004C006A /* command_code_50.json in Resources */ = {isa = PBXBuildFile; fileRef = 6E1AC2AC248C90AF004C006A /* command_code_50.json */; };
		6E1AC2E9248C90B0004C006A /* command_code_27.json in Resources */ = {isa = PBXBuildFile; fileRef = 6E1AC2AD248C90AF004C006A /* command_code_27.json */; };
		6E1AC2EA248C90B0004C006A /* command_code_54.json in Resources */ = {isa = PBXBuildFile; fileRef = 6E1AC2AE248C90AF004C006A /* command_code_54.json */; };
		6E1AC2EB248C90B0004C006A /* command_code_26.json in Resources */ = {isa = PBXBuildFile; fileRef = 6E1AC2AF248C90AF004C006A /* command_code_26.json */; };
		6E1AC2EC248C90B0004C006A /* command_code_31.json in Resources */ = {isa = PBXBuildFile; fileRef = 6E1AC2B0248C90AF004C006A /* command_code_31.json */; };
		6E1AC2ED248C90B0004C006A /* command_code_13.json in Resources */ = {isa = PBXBuildFile; fileRef = 6E1AC2B1248C90AF004C006A /* command_code_13.json */; };
		6E1AC2EE248C90B0004C006A /* command_code_15.json in Resources */ = {isa = PBXBuildFile; fileRef = 6E1AC2B2248C90AF004C006A /* command_code_15.json */; };
		6E1AC2EF248C90B0004C006A /* command_code_33.json in Resources */ = {isa = PBXBuildFile; fileRef = 6E1AC2B3248C90AF004C006A /* command_code_33.json */; };
		6E1AC2F0248C90B0004C006A /* command_code_36.json in Resources */ = {isa = PBXBuildFile; fileRef = 6E1AC2B4248C90AF004C006A /* command_code_36.json */; };
		6E1AC2F1248C90B0004C006A /* command_code_10.json in Resources */ = {isa = PBXBuildFile; fileRef = 6E1AC2B5248C90AF004C006A /* command_code_10.json */; };
		6E1AC2F3248C932D004C006A /* command_code_61.json in Resources */ = {isa = PBXBuildFile; fileRef = 6E1AC2F2248C932D004C006A /* command_code_61.json */; };
		6E1AC2F5248C9523004C006A /* command_code_62.json in Resources */ = {isa = PBXBuildFile; fileRef = 6E1AC2F4248C9523004C006A /* command_code_62.json */; };
		6E1AC2F7248C956D004C006A /* command_code_63.json in Resources */ = {isa = PBXBuildFile; fileRef = 6E1AC2F6248C956D004C006A /* command_code_63.json */; };
		6E1AC2F9248C95BF004C006A /* command_code_64.json in Resources */ = {isa = PBXBuildFile; fileRef = 6E1AC2F8248C95BF004C006A /* command_code_64.json */; };
		6E1AC2FB248C9634004C006A /* CommandCodeStore.swift in Sources */ = {isa = PBXBuildFile; fileRef = 6E1AC2FA248C9634004C006A /* CommandCodeStore.swift */; };
		6E1AC2FD248C96F2004C006A /* CommandCodeStoreTests.swift in Sources */ = {isa = PBXBuildFile; fileRef = 6E1AC2FC248C96F2004C006A /* CommandCodeStoreTests.swift */; };
		6E1AC300248C98D4004C006A /* CommandCodeListView.swift in Sources */ = {isa = PBXBuildFile; fileRef = 6E1AC2FF248C98D4004C006A /* CommandCodeListView.swift */; };
		6E1AC302248C9B43004C006A /* CommandCodeAlbumnFrameView.swift in Sources */ = {isa = PBXBuildFile; fileRef = 6E1AC301248C9B43004C006A /* CommandCodeAlbumnFrameView.swift */; };
		6E1AC304248C9C54004C006A /* CommandCodeBoxView.swift in Sources */ = {isa = PBXBuildFile; fileRef = 6E1AC303248C9C54004C006A /* CommandCodeBoxView.swift */; };
		6E1AC316248CC774004C006A /* mystic_code_9.json in Resources */ = {isa = PBXBuildFile; fileRef = 6E1AC307248CC773004C006A /* mystic_code_9.json */; };
		6E1AC317248CC774004C006A /* mystic_code_4.json in Resources */ = {isa = PBXBuildFile; fileRef = 6E1AC308248CC773004C006A /* mystic_code_4.json */; };
		6E1AC318248CC774004C006A /* mystic_code_2.json in Resources */ = {isa = PBXBuildFile; fileRef = 6E1AC309248CC773004C006A /* mystic_code_2.json */; };
		6E1AC319248CC774004C006A /* mystic_code_8.json in Resources */ = {isa = PBXBuildFile; fileRef = 6E1AC30A248CC773004C006A /* mystic_code_8.json */; };
		6E1AC31A248CC774004C006A /* mystic_code_10.json in Resources */ = {isa = PBXBuildFile; fileRef = 6E1AC30B248CC773004C006A /* mystic_code_10.json */; };
		6E1AC31B248CC774004C006A /* mystic_code_5.json in Resources */ = {isa = PBXBuildFile; fileRef = 6E1AC30C248CC773004C006A /* mystic_code_5.json */; };
		6E1AC31C248CC774004C006A /* mystic_code_13.json in Resources */ = {isa = PBXBuildFile; fileRef = 6E1AC30D248CC773004C006A /* mystic_code_13.json */; };
		6E1AC31D248CC774004C006A /* mystic_code_7.json in Resources */ = {isa = PBXBuildFile; fileRef = 6E1AC30E248CC773004C006A /* mystic_code_7.json */; };
		6E1AC31E248CC774004C006A /* mystic_code_3.json in Resources */ = {isa = PBXBuildFile; fileRef = 6E1AC30F248CC773004C006A /* mystic_code_3.json */; };
		6E1AC31F248CC774004C006A /* mystic_code_11.json in Resources */ = {isa = PBXBuildFile; fileRef = 6E1AC310248CC773004C006A /* mystic_code_11.json */; };
		6E1AC320248CC774004C006A /* mystic_code_1.json in Resources */ = {isa = PBXBuildFile; fileRef = 6E1AC311248CC774004C006A /* mystic_code_1.json */; };
		6E1AC321248CC774004C006A /* mystic_code_12.json in Resources */ = {isa = PBXBuildFile; fileRef = 6E1AC312248CC774004C006A /* mystic_code_12.json */; };
		6E1AC322248CC774004C006A /* mystic_code_6.json in Resources */ = {isa = PBXBuildFile; fileRef = 6E1AC313248CC774004C006A /* mystic_code_6.json */; };
		6E1AC323248CC774004C006A /* mystic_code_14.json in Resources */ = {isa = PBXBuildFile; fileRef = 6E1AC314248CC774004C006A /* mystic_code_14.json */; };
		6E1AC324248CC774004C006A /* mystic_code_15.json in Resources */ = {isa = PBXBuildFile; fileRef = 6E1AC315248CC774004C006A /* mystic_code_15.json */; };
		6E1AC326248CC799004C006A /* MysticCode.swift in Sources */ = {isa = PBXBuildFile; fileRef = 6E1AC325248CC799004C006A /* MysticCode.swift */; };
		6E1AC328248CC995004C006A /* MysticCodeStore.swift in Sources */ = {isa = PBXBuildFile; fileRef = 6E1AC327248CC995004C006A /* MysticCodeStore.swift */; };
		6E1AC32A248CCA1B004C006A /* MysticCodeStoreTests.swift in Sources */ = {isa = PBXBuildFile; fileRef = 6E1AC329248CCA1B004C006A /* MysticCodeStoreTests.swift */; };
		6E1AC32C248CCD4F004C006A /* MysticCodeListView.swift in Sources */ = {isa = PBXBuildFile; fileRef = 6E1AC32B248CCD4F004C006A /* MysticCodeListView.swift */; };
		6E1AC32E248CCEFC004C006A /* MysticCodeBoxView.swift in Sources */ = {isa = PBXBuildFile; fileRef = 6E1AC32D248CCEFC004C006A /* MysticCodeBoxView.swift */; };
		6E1AC331248D144F004C006A /* FightCharacterFilterListView.swift in Sources */ = {isa = PBXBuildFile; fileRef = 6E1AC330248D144F004C006A /* FightCharacterFilterListView.swift */; };
		6E1AC33B248D3B22004C006A /* RecentAddServantListView.swift in Sources */ = {isa = PBXBuildFile; fileRef = 6E1AC33A248D3B22004C006A /* RecentAddServantListView.swift */; };
		6E2FA588248A063F00822AA0 /* AppDelegate.swift in Sources */ = {isa = PBXBuildFile; fileRef = 6E2FA587248A063F00822AA0 /* AppDelegate.swift */; };
		6E2FA58A248A063F00822AA0 /* SceneDelegate.swift in Sources */ = {isa = PBXBuildFile; fileRef = 6E2FA589248A063F00822AA0 /* SceneDelegate.swift */; };
		6E2FA58C248A063F00822AA0 /* ContentView.swift in Sources */ = {isa = PBXBuildFile; fileRef = 6E2FA58B248A063F00822AA0 /* ContentView.swift */; };
		6E2FA58E248A064000822AA0 /* Assets.xcassets in Resources */ = {isa = PBXBuildFile; fileRef = 6E2FA58D248A064000822AA0 /* Assets.xcassets */; };
		6E2FA591248A064000822AA0 /* Preview Assets.xcassets in Resources */ = {isa = PBXBuildFile; fileRef = 6E2FA590248A064000822AA0 /* Preview Assets.xcassets */; };
		6E2FA594248A064000822AA0 /* LaunchScreen.storyboard in Resources */ = {isa = PBXBuildFile; fileRef = 6E2FA592248A064000822AA0 /* LaunchScreen.storyboard */; };
		6E2FA59F248A064100822AA0 /* FateIndexTests.swift in Sources */ = {isa = PBXBuildFile; fileRef = 6E2FA59E248A064100822AA0 /* FateIndexTests.swift */; };
		6E2FA5AB248A077C00822AA0 /* AppView.swift in Sources */ = {isa = PBXBuildFile; fileRef = 6E2FA5AA248A077C00822AA0 /* AppView.swift */; };
		6E2FA5B3248A0AA000822AA0 /* UIColor+Extension.swift in Sources */ = {isa = PBXBuildFile; fileRef = 6E2FA5B2248A0AA000822AA0 /* UIColor+Extension.swift */; };
		6E2FA5B7248A144100822AA0 /* SettingsView.swift in Sources */ = {isa = PBXBuildFile; fileRef = 6E2FA5B6248A144100822AA0 /* SettingsView.swift */; };
		6E2FA5B9248A199400822AA0 /* ServantsView.swift in Sources */ = {isa = PBXBuildFile; fileRef = 6E2FA5B8248A199400822AA0 /* ServantsView.swift */; };
		6E2FA5BB248A1BF900822AA0 /* SearchBar.swift in Sources */ = {isa = PBXBuildFile; fileRef = 6E2FA5BA248A1BF900822AA0 /* SearchBar.swift */; };
		6E4C9D8C248B874000B96630 /* DavinciStoreCraftEssenceListView.swift in Sources */ = {isa = PBXBuildFile; fileRef = 6E4C9D8B248B874000B96630 /* DavinciStoreCraftEssenceListView.swift */; };
		6E4C9D8E248B880F00B96630 /* DavinciStoreCraftEssenceView.swift in Sources */ = {isa = PBXBuildFile; fileRef = 6E4C9D8D248B880F00B96630 /* DavinciStoreCraftEssenceView.swift */; };
		6E4C9D91248B8BC000B96630 /* CraftEssences.swift in Sources */ = {isa = PBXBuildFile; fileRef = 6E4C9D90248B8BC000B96630 /* CraftEssences.swift */; };
		6E4C9D95248B8F4C00B96630 /* craftEssence_80.json in Resources */ = {isa = PBXBuildFile; fileRef = 6E4C9D94248B8F4C00B96630 /* craftEssence_80.json */; };
		6E4C9D97248B947C00B96630 /* Data.swift in Sources */ = {isa = PBXBuildFile; fileRef = 6E4C9D96248B947C00B96630 /* Data.swift */; };
		6E4C9D9A248B96A500B96630 /* CraftEssenceStore.swift in Sources */ = {isa = PBXBuildFile; fileRef = 6E4C9D99248B96A500B96630 /* CraftEssenceStore.swift */; };
		6E4C9D9C248B9A7E00B96630 /* CraftEssenceStoreTests.swift in Sources */ = {isa = PBXBuildFile; fileRef = 6E4C9D9B248B9A7E00B96630 /* CraftEssenceStoreTests.swift */; };
		6E4C9D9E248B9DC600B96630 /* craftEssence_178.json in Resources */ = {isa = PBXBuildFile; fileRef = 6E4C9D9D248B9DC600B96630 /* craftEssence_178.json */; };
		6E4C9DA0248BA1CB00B96630 /* craftEssence_242.json in Resources */ = {isa = PBXBuildFile; fileRef = 6E4C9D9F248BA1CB00B96630 /* craftEssence_242.json */; };
		6E4C9DA2248BAC2300B96630 /* craftEssence_330.json in Resources */ = {isa = PBXBuildFile; fileRef = 6E4C9DA1248BAC2300B96630 /* craftEssence_330.json */; };
		6E4C9DA4248BAD0700B96630 /* craftEssence_861.json in Resources */ = {isa = PBXBuildFile; fileRef = 6E4C9DA3248BAD0700B96630 /* craftEssence_861.json */; };
		6E4C9DA6248BADDE00B96630 /* craftEssence_910.json in Resources */ = {isa = PBXBuildFile; fileRef = 6E4C9DA5248BADDE00B96630 /* craftEssence_910.json */; };
		6E4C9DA8248BAE6E00B96630 /* craftEssence_988.json in Resources */ = {isa = PBXBuildFile; fileRef = 6E4C9DA7248BAE6E00B96630 /* craftEssence_988.json */; };
		6E4C9DAA248BAF0C00B96630 /* craftEssence_1012.json in Resources */ = {isa = PBXBuildFile; fileRef = 6E4C9DA9248BAF0C00B96630 /* craftEssence_1012.json */; };
		6E4C9DAC248BAF8400B96630 /* craftEssence_1080.json in Resources */ = {isa = PBXBuildFile; fileRef = 6E4C9DAB248BAF8400B96630 /* craftEssence_1080.json */; };
		6E4C9DAE248BB00F00B96630 /* craftEssence_1121.json in Resources */ = {isa = PBXBuildFile; fileRef = 6E4C9DAD248BB00F00B96630 /* craftEssence_1121.json */; };
		6E4C9DB0248BB08D00B96630 /* craftEssence_1149.json in Resources */ = {isa = PBXBuildFile; fileRef = 6E4C9DAF248BB08D00B96630 /* craftEssence_1149.json */; };
		6E69D17F2492494B009A7F00 /* SkillDetailView.swift in Sources */ = {isa = PBXBuildFile; fileRef = 6E69D17E2492494B009A7F00 /* SkillDetailView.swift */; };
		6E69D18124924BAA009A7F00 /* String+Extension.swift in Sources */ = {isa = PBXBuildFile; fileRef = 6E69D18024924BAA009A7F00 /* String+Extension.swift */; };
		6E69D183249271EF009A7F00 /* SeeAllCommandCodeListView.swift in Sources */ = {isa = PBXBuildFile; fileRef = 6E69D182249271EF009A7F00 /* SeeAllCommandCodeListView.swift */; };
		6E79A28B24946838002FE7B7 /* UIKitTabView.swift in Sources */ = {isa = PBXBuildFile; fileRef = 6E79A28A24946838002FE7B7 /* UIKitTabView.swift */; };
		6E79A28D24964E82002FE7B7 /* CommandCodeDetailView.swift in Sources */ = {isa = PBXBuildFile; fileRef = 6E79A28C24964E82002FE7B7 /* CommandCodeDetailView.swift */; };
		6E7EA31A248FD1A4006C0321 /* MysticCodeDetailView.swift in Sources */ = {isa = PBXBuildFile; fileRef = 6E7EA319248FD1A4006C0321 /* MysticCodeDetailView.swift */; };
		6E7EA31C248FD2E5006C0321 /* CommonCellView.swift in Sources */ = {isa = PBXBuildFile; fileRef = 6E7EA31B248FD2E5006C0321 /* CommonCellView.swift */; };
		6ED0723F248A22EC00C2C7D9 /* TopNServantsListView.swift in Sources */ = {isa = PBXBuildFile; fileRef = 6ED0723E248A22EC00C2C7D9 /* TopNServantsListView.swift */; };
		6ED07241248A241500C2C7D9 /* TopNServant.swift in Sources */ = {isa = PBXBuildFile; fileRef = 6ED07240248A241500C2C7D9 /* TopNServant.swift */; };
		6ED07243248A2A7400C2C7D9 /* ServantDetailView.swift in Sources */ = {isa = PBXBuildFile; fileRef = 6ED07242248A2A7400C2C7D9 /* ServantDetailView.swift */; };
		6ED07245248A30C000C2C7D9 /* ServantBoxView.swift in Sources */ = {isa = PBXBuildFile; fileRef = 6ED07244248A30C000C2C7D9 /* ServantBoxView.swift */; };
		6ED07247248A4E7B00C2C7D9 /* ServantClassListView.swift in Sources */ = {isa = PBXBuildFile; fileRef = 6ED07246248A4E7B00C2C7D9 /* ServantClassListView.swift */; };
		6ED07249248A4EEE00C2C7D9 /* AppConstants.swift in Sources */ = {isa = PBXBuildFile; fileRef = 6ED07248248A4EEE00C2C7D9 /* AppConstants.swift */; };
		6ED0724B248A50C300C2C7D9 /* ServantClassView.swift in Sources */ = {isa = PBXBuildFile; fileRef = 6ED0724A248A50C300C2C7D9 /* ServantClassView.swift */; };
		6ED0724D248A661400C2C7D9 /* GivenServantListView.swift in Sources */ = {isa = PBXBuildFile; fileRef = 6ED0724C248A661400C2C7D9 /* GivenServantListView.swift */; };
		6ED0724F248A672300C2C7D9 /* GivenServantView.swift in Sources */ = {isa = PBXBuildFile; fileRef = 6ED0724E248A672300C2C7D9 /* GivenServantView.swift */; };
		6ED07251248A887200C2C7D9 /* CampaignServant.swift in Sources */ = {isa = PBXBuildFile; fileRef = 6ED07250248A887200C2C7D9 /* CampaignServant.swift */; };
		6ED211E12491110F005E98D2 /* MysticCodeTableListView.swift in Sources */ = {isa = PBXBuildFile; fileRef = 6ED211E02491110F005E98D2 /* MysticCodeTableListView.swift */; };
		6EEC277F249A36D3008809E7 /* RoundedListDetailView.swift in Sources */ = {isa = PBXBuildFile; fileRef = 6EEC277E249A36D3008809E7 /* RoundedListDetailView.swift */; };
		6EEC2783249A5A75008809E7 /* RoundedShadowButton.swift in Sources */ = {isa = PBXBuildFile; fileRef = 6EEC2782249A5A75008809E7 /* RoundedShadowButton.swift */; };
		6EEC2785249A5D00008809E7 /* RoundedButton.swift in Sources */ = {isa = PBXBuildFile; fileRef = 6EEC2784249A5D00008809E7 /* RoundedButton.swift */; };
/* End PBXBuildFile section */

/* Begin PBXContainerItemProxy section */
		6E2FA59B248A064000822AA0 /* PBXContainerItemProxy */ = {
			isa = PBXContainerItemProxy;
			containerPortal = 6E2FA57C248A063F00822AA0 /* Project object */;
			proxyType = 1;
			remoteGlobalIDString = 6E2FA583248A063F00822AA0;
			remoteInfo = FateIndex;
		};
/* End PBXContainerItemProxy section */

/* Begin PBXFileReference section */
		6E1AC1FB248C7F77004C006A /* MasterView.swift */ = {isa = PBXFileReference; lastKnownFileType = sourcecode.swift; path = MasterView.swift; sourceTree = "<group>"; };
		6E1AC1FD248C83D6004C006A /* craftEssence_1214.json */ = {isa = PBXFileReference; lastKnownFileType = text.json; path = craftEssence_1214.json; sourceTree = "<group>"; };
		6E1AC1FF248C8942004C006A /* CommandCode.swift */ = {isa = PBXFileReference; lastKnownFileType = sourcecode.swift; path = CommandCode.swift; sourceTree = "<group>"; };
		6E1AC27A248C90AD004C006A /* command_code_42.json */ = {isa = PBXFileReference; fileEncoding = 4; lastKnownFileType = text.json; path = command_code_42.json; sourceTree = "<group>"; };
		6E1AC27B248C90AD004C006A /* command_code_55.json */ = {isa = PBXFileReference; fileEncoding = 4; lastKnownFileType = text.json; path = command_code_55.json; sourceTree = "<group>"; };
		6E1AC27C248C90AD004C006A /* command_code_25.json */ = {isa = PBXFileReference; fileEncoding = 4; lastKnownFileType = text.json; path = command_code_25.json; sourceTree = "<group>"; };
		6E1AC27D248C90AD004C006A /* command_code_59.json */ = {isa = PBXFileReference; fileEncoding = 4; lastKnownFileType = text.json; path = command_code_59.json; sourceTree = "<group>"; };
		6E1AC27E248C90AD004C006A /* command_code_2.json */ = {isa = PBXFileReference; fileEncoding = 4; lastKnownFileType = text.json; path = command_code_2.json; sourceTree = "<group>"; };
		6E1AC27F248C90AD004C006A /* command_code_22.json */ = {isa = PBXFileReference; fileEncoding = 4; lastKnownFileType = text.json; path = command_code_22.json; sourceTree = "<group>"; };
		6E1AC280248C90AD004C006A /* command_code_12.json */ = {isa = PBXFileReference; fileEncoding = 4; lastKnownFileType = text.json; path = command_code_12.json; sourceTree = "<group>"; };
		6E1AC281248C90AD004C006A /* command_code_39.json */ = {isa = PBXFileReference; fileEncoding = 4; lastKnownFileType = text.json; path = command_code_39.json; sourceTree = "<group>"; };
		6E1AC282248C90AD004C006A /* command_code_38.json */ = {isa = PBXFileReference; fileEncoding = 4; lastKnownFileType = text.json; path = command_code_38.json; sourceTree = "<group>"; };
		6E1AC283248C90AD004C006A /* command_code_24.json */ = {isa = PBXFileReference; fileEncoding = 4; lastKnownFileType = text.json; path = command_code_24.json; sourceTree = "<group>"; };
		6E1AC284248C90AD004C006A /* command_code_34.json */ = {isa = PBXFileReference; fileEncoding = 4; lastKnownFileType = text.json; path = command_code_34.json; sourceTree = "<group>"; };
		6E1AC285248C90AD004C006A /* command_code_1.json */ = {isa = PBXFileReference; fileEncoding = 4; lastKnownFileType = text.json; path = command_code_1.json; sourceTree = "<group>"; };
		6E1AC286248C90AD004C006A /* command_code_4.json */ = {isa = PBXFileReference; fileEncoding = 4; lastKnownFileType = text.json; path = command_code_4.json; sourceTree = "<group>"; };
		6E1AC287248C90AD004C006A /* command_code_8.json */ = {isa = PBXFileReference; fileEncoding = 4; lastKnownFileType = text.json; path = command_code_8.json; sourceTree = "<group>"; };
		6E1AC288248C90AD004C006A /* command_code_32.json */ = {isa = PBXFileReference; fileEncoding = 4; lastKnownFileType = text.json; path = command_code_32.json; sourceTree = "<group>"; };
		6E1AC289248C90AD004C006A /* command_code_19.json */ = {isa = PBXFileReference; fileEncoding = 4; lastKnownFileType = text.json; path = command_code_19.json; sourceTree = "<group>"; };
		6E1AC28A248C90AD004C006A /* command_code_17.json */ = {isa = PBXFileReference; fileEncoding = 4; lastKnownFileType = text.json; path = command_code_17.json; sourceTree = "<group>"; };
		6E1AC28B248C90AD004C006A /* command_code_9.json */ = {isa = PBXFileReference; fileEncoding = 4; lastKnownFileType = text.json; path = command_code_9.json; sourceTree = "<group>"; };
		6E1AC28C248C90AD004C006A /* command_code_20.json */ = {isa = PBXFileReference; fileEncoding = 4; lastKnownFileType = text.json; path = command_code_20.json; sourceTree = "<group>"; };
		6E1AC28D248C90AD004C006A /* command_code_6.json */ = {isa = PBXFileReference; fileEncoding = 4; lastKnownFileType = text.json; path = command_code_6.json; sourceTree = "<group>"; };
		6E1AC28E248C90AD004C006A /* command_code_29.json */ = {isa = PBXFileReference; fileEncoding = 4; lastKnownFileType = text.json; path = command_code_29.json; sourceTree = "<group>"; };
		6E1AC28F248C90AD004C006A /* command_code_11.json */ = {isa = PBXFileReference; fileEncoding = 4; lastKnownFileType = text.json; path = command_code_11.json; sourceTree = "<group>"; };
		6E1AC290248C90AD004C006A /* command_code_16.json */ = {isa = PBXFileReference; fileEncoding = 4; lastKnownFileType = text.json; path = command_code_16.json; sourceTree = "<group>"; };
		6E1AC291248C90AD004C006A /* command_code_49.json */ = {isa = PBXFileReference; fileEncoding = 4; lastKnownFileType = text.json; path = command_code_49.json; sourceTree = "<group>"; };
		6E1AC292248C90AD004C006A /* command_code_5.json */ = {isa = PBXFileReference; fileEncoding = 4; lastKnownFileType = text.json; path = command_code_5.json; sourceTree = "<group>"; };
		6E1AC293248C90AD004C006A /* command_code_58.json */ = {isa = PBXFileReference; fileEncoding = 4; lastKnownFileType = text.json; path = command_code_58.json; sourceTree = "<group>"; };
		6E1AC294248C90AE004C006A /* command_code_35.json */ = {isa = PBXFileReference; fileEncoding = 4; lastKnownFileType = text.json; path = command_code_35.json; sourceTree = "<group>"; };
		6E1AC295248C90AE004C006A /* command_code_56.json */ = {isa = PBXFileReference; fileEncoding = 4; lastKnownFileType = text.json; path = command_code_56.json; sourceTree = "<group>"; };
		6E1AC296248C90AE004C006A /* command_code_45.json */ = {isa = PBXFileReference; fileEncoding = 4; lastKnownFileType = text.json; path = command_code_45.json; sourceTree = "<group>"; };
		6E1AC297248C90AE004C006A /* command_code_60.json */ = {isa = PBXFileReference; fileEncoding = 4; lastKnownFileType = text.json; path = command_code_60.json; sourceTree = "<group>"; };
		6E1AC298248C90AE004C006A /* command_code_47.json */ = {isa = PBXFileReference; fileEncoding = 4; lastKnownFileType = text.json; path = command_code_47.json; sourceTree = "<group>"; };
		6E1AC299248C90AE004C006A /* command_code_28.json */ = {isa = PBXFileReference; fileEncoding = 4; lastKnownFileType = text.json; path = command_code_28.json; sourceTree = "<group>"; };
		6E1AC29A248C90AE004C006A /* command_code_51.json */ = {isa = PBXFileReference; fileEncoding = 4; lastKnownFileType = text.json; path = command_code_51.json; sourceTree = "<group>"; };
		6E1AC29B248C90AE004C006A /* command_code_23.json */ = {isa = PBXFileReference; fileEncoding = 4; lastKnownFileType = text.json; path = command_code_23.json; sourceTree = "<group>"; };
		6E1AC29C248C90AE004C006A /* command_code_46.json */ = {isa = PBXFileReference; fileEncoding = 4; lastKnownFileType = text.json; path = command_code_46.json; sourceTree = "<group>"; };
		6E1AC29D248C90AE004C006A /* command_code_41.json */ = {isa = PBXFileReference; fileEncoding = 4; lastKnownFileType = text.json; path = command_code_41.json; sourceTree = "<group>"; };
		6E1AC29E248C90AE004C006A /* command_code_43.json */ = {isa = PBXFileReference; fileEncoding = 4; lastKnownFileType = text.json; path = command_code_43.json; sourceTree = "<group>"; };
		6E1AC29F248C90AE004C006A /* command_code_40.json */ = {isa = PBXFileReference; fileEncoding = 4; lastKnownFileType = text.json; path = command_code_40.json; sourceTree = "<group>"; };
		6E1AC2A0248C90AE004C006A /* command_code_44.json */ = {isa = PBXFileReference; fileEncoding = 4; lastKnownFileType = text.json; path = command_code_44.json; sourceTree = "<group>"; };
		6E1AC2A1248C90AE004C006A /* command_code_52.json */ = {isa = PBXFileReference; fileEncoding = 4; lastKnownFileType = text.json; path = command_code_52.json; sourceTree = "<group>"; };
		6E1AC2A2248C90AE004C006A /* command_code_30.json */ = {isa = PBXFileReference; fileEncoding = 4; lastKnownFileType = text.json; path = command_code_30.json; sourceTree = "<group>"; };
		6E1AC2A3248C90AE004C006A /* command_code_18.json */ = {isa = PBXFileReference; fileEncoding = 4; lastKnownFileType = text.json; path = command_code_18.json; sourceTree = "<group>"; };
		6E1AC2A4248C90AE004C006A /* command_code_57.json */ = {isa = PBXFileReference; fileEncoding = 4; lastKnownFileType = text.json; path = command_code_57.json; sourceTree = "<group>"; };
		6E1AC2A5248C90AE004C006A /* command_code_7.json */ = {isa = PBXFileReference; fileEncoding = 4; lastKnownFileType = text.json; path = command_code_7.json; sourceTree = "<group>"; };
		6E1AC2A6248C90AF004C006A /* command_code_21.json */ = {isa = PBXFileReference; fileEncoding = 4; lastKnownFileType = text.json; path = command_code_21.json; sourceTree = "<group>"; };
		6E1AC2A7248C90AF004C006A /* command_code_53.json */ = {isa = PBXFileReference; fileEncoding = 4; lastKnownFileType = text.json; path = command_code_53.json; sourceTree = "<group>"; };
		6E1AC2A8248C90AF004C006A /* command_code_3.json */ = {isa = PBXFileReference; fileEncoding = 4; lastKnownFileType = text.json; path = command_code_3.json; sourceTree = "<group>"; };
		6E1AC2A9248C90AF004C006A /* command_code_48.json */ = {isa = PBXFileReference; fileEncoding = 4; lastKnownFileType = text.json; path = command_code_48.json; sourceTree = "<group>"; };
		6E1AC2AA248C90AF004C006A /* command_code_14.json */ = {isa = PBXFileReference; fileEncoding = 4; lastKnownFileType = text.json; path = command_code_14.json; sourceTree = "<group>"; };
		6E1AC2AB248C90AF004C006A /* command_code_37.json */ = {isa = PBXFileReference; fileEncoding = 4; lastKnownFileType = text.json; path = command_code_37.json; sourceTree = "<group>"; };
		6E1AC2AC248C90AF004C006A /* command_code_50.json */ = {isa = PBXFileReference; fileEncoding = 4; lastKnownFileType = text.json; path = command_code_50.json; sourceTree = "<group>"; };
		6E1AC2AD248C90AF004C006A /* command_code_27.json */ = {isa = PBXFileReference; fileEncoding = 4; lastKnownFileType = text.json; path = command_code_27.json; sourceTree = "<group>"; };
		6E1AC2AE248C90AF004C006A /* command_code_54.json */ = {isa = PBXFileReference; fileEncoding = 4; lastKnownFileType = text.json; path = command_code_54.json; sourceTree = "<group>"; };
		6E1AC2AF248C90AF004C006A /* command_code_26.json */ = {isa = PBXFileReference; fileEncoding = 4; lastKnownFileType = text.json; path = command_code_26.json; sourceTree = "<group>"; };
		6E1AC2B0248C90AF004C006A /* command_code_31.json */ = {isa = PBXFileReference; fileEncoding = 4; lastKnownFileType = text.json; path = command_code_31.json; sourceTree = "<group>"; };
		6E1AC2B1248C90AF004C006A /* command_code_13.json */ = {isa = PBXFileReference; fileEncoding = 4; lastKnownFileType = text.json; path = command_code_13.json; sourceTree = "<group>"; };
		6E1AC2B2248C90AF004C006A /* command_code_15.json */ = {isa = PBXFileReference; fileEncoding = 4; lastKnownFileType = text.json; path = command_code_15.json; sourceTree = "<group>"; };
		6E1AC2B3248C90AF004C006A /* command_code_33.json */ = {isa = PBXFileReference; fileEncoding = 4; lastKnownFileType = text.json; path = command_code_33.json; sourceTree = "<group>"; };
		6E1AC2B4248C90AF004C006A /* command_code_36.json */ = {isa = PBXFileReference; fileEncoding = 4; lastKnownFileType = text.json; path = command_code_36.json; sourceTree = "<group>"; };
		6E1AC2B5248C90AF004C006A /* command_code_10.json */ = {isa = PBXFileReference; fileEncoding = 4; lastKnownFileType = text.json; path = command_code_10.json; sourceTree = "<group>"; };
		6E1AC2F2248C932D004C006A /* command_code_61.json */ = {isa = PBXFileReference; lastKnownFileType = text.json; path = command_code_61.json; sourceTree = "<group>"; };
		6E1AC2F4248C9523004C006A /* command_code_62.json */ = {isa = PBXFileReference; lastKnownFileType = text.json; path = command_code_62.json; sourceTree = "<group>"; };
		6E1AC2F6248C956D004C006A /* command_code_63.json */ = {isa = PBXFileReference; lastKnownFileType = text.json; path = command_code_63.json; sourceTree = "<group>"; };
		6E1AC2F8248C95BF004C006A /* command_code_64.json */ = {isa = PBXFileReference; lastKnownFileType = text.json; path = command_code_64.json; sourceTree = "<group>"; };
		6E1AC2FA248C9634004C006A /* CommandCodeStore.swift */ = {isa = PBXFileReference; lastKnownFileType = sourcecode.swift; path = CommandCodeStore.swift; sourceTree = "<group>"; };
		6E1AC2FC248C96F2004C006A /* CommandCodeStoreTests.swift */ = {isa = PBXFileReference; lastKnownFileType = sourcecode.swift; path = CommandCodeStoreTests.swift; sourceTree = "<group>"; };
		6E1AC2FF248C98D4004C006A /* CommandCodeListView.swift */ = {isa = PBXFileReference; lastKnownFileType = sourcecode.swift; path = CommandCodeListView.swift; sourceTree = "<group>"; };
		6E1AC301248C9B43004C006A /* CommandCodeAlbumnFrameView.swift */ = {isa = PBXFileReference; lastKnownFileType = sourcecode.swift; path = CommandCodeAlbumnFrameView.swift; sourceTree = "<group>"; };
		6E1AC303248C9C54004C006A /* CommandCodeBoxView.swift */ = {isa = PBXFileReference; lastKnownFileType = sourcecode.swift; path = CommandCodeBoxView.swift; sourceTree = "<group>"; };
		6E1AC307248CC773004C006A /* mystic_code_9.json */ = {isa = PBXFileReference; fileEncoding = 4; lastKnownFileType = text.json; path = mystic_code_9.json; sourceTree = "<group>"; };
		6E1AC308248CC773004C006A /* mystic_code_4.json */ = {isa = PBXFileReference; fileEncoding = 4; lastKnownFileType = text.json; path = mystic_code_4.json; sourceTree = "<group>"; };
		6E1AC309248CC773004C006A /* mystic_code_2.json */ = {isa = PBXFileReference; fileEncoding = 4; lastKnownFileType = text.json; path = mystic_code_2.json; sourceTree = "<group>"; };
		6E1AC30A248CC773004C006A /* mystic_code_8.json */ = {isa = PBXFileReference; fileEncoding = 4; lastKnownFileType = text.json; path = mystic_code_8.json; sourceTree = "<group>"; };
		6E1AC30B248CC773004C006A /* mystic_code_10.json */ = {isa = PBXFileReference; fileEncoding = 4; lastKnownFileType = text.json; path = mystic_code_10.json; sourceTree = "<group>"; };
		6E1AC30C248CC773004C006A /* mystic_code_5.json */ = {isa = PBXFileReference; fileEncoding = 4; lastKnownFileType = text.json; path = mystic_code_5.json; sourceTree = "<group>"; };
		6E1AC30D248CC773004C006A /* mystic_code_13.json */ = {isa = PBXFileReference; fileEncoding = 4; lastKnownFileType = text.json; path = mystic_code_13.json; sourceTree = "<group>"; };
		6E1AC30E248CC773004C006A /* mystic_code_7.json */ = {isa = PBXFileReference; fileEncoding = 4; lastKnownFileType = text.json; path = mystic_code_7.json; sourceTree = "<group>"; };
		6E1AC30F248CC773004C006A /* mystic_code_3.json */ = {isa = PBXFileReference; fileEncoding = 4; lastKnownFileType = text.json; path = mystic_code_3.json; sourceTree = "<group>"; };
		6E1AC310248CC773004C006A /* mystic_code_11.json */ = {isa = PBXFileReference; fileEncoding = 4; lastKnownFileType = text.json; path = mystic_code_11.json; sourceTree = "<group>"; };
		6E1AC311248CC774004C006A /* mystic_code_1.json */ = {isa = PBXFileReference; fileEncoding = 4; lastKnownFileType = text.json; path = mystic_code_1.json; sourceTree = "<group>"; };
		6E1AC312248CC774004C006A /* mystic_code_12.json */ = {isa = PBXFileReference; fileEncoding = 4; lastKnownFileType = text.json; path = mystic_code_12.json; sourceTree = "<group>"; };
		6E1AC313248CC774004C006A /* mystic_code_6.json */ = {isa = PBXFileReference; fileEncoding = 4; lastKnownFileType = text.json; path = mystic_code_6.json; sourceTree = "<group>"; };
		6E1AC314248CC774004C006A /* mystic_code_14.json */ = {isa = PBXFileReference; fileEncoding = 4; lastKnownFileType = text.json; path = mystic_code_14.json; sourceTree = "<group>"; };
		6E1AC315248CC774004C006A /* mystic_code_15.json */ = {isa = PBXFileReference; fileEncoding = 4; lastKnownFileType = text.json; path = mystic_code_15.json; sourceTree = "<group>"; };
		6E1AC325248CC799004C006A /* MysticCode.swift */ = {isa = PBXFileReference; lastKnownFileType = sourcecode.swift; path = MysticCode.swift; sourceTree = "<group>"; };
		6E1AC327248CC995004C006A /* MysticCodeStore.swift */ = {isa = PBXFileReference; lastKnownFileType = sourcecode.swift; path = MysticCodeStore.swift; sourceTree = "<group>"; };
		6E1AC329248CCA1B004C006A /* MysticCodeStoreTests.swift */ = {isa = PBXFileReference; lastKnownFileType = sourcecode.swift; path = MysticCodeStoreTests.swift; sourceTree = "<group>"; };
		6E1AC32B248CCD4F004C006A /* MysticCodeListView.swift */ = {isa = PBXFileReference; lastKnownFileType = sourcecode.swift; path = MysticCodeListView.swift; sourceTree = "<group>"; };
		6E1AC32D248CCEFC004C006A /* MysticCodeBoxView.swift */ = {isa = PBXFileReference; lastKnownFileType = sourcecode.swift; path = MysticCodeBoxView.swift; sourceTree = "<group>"; };
		6E1AC330248D144F004C006A /* FightCharacterFilterListView.swift */ = {isa = PBXFileReference; lastKnownFileType = sourcecode.swift; path = FightCharacterFilterListView.swift; sourceTree = "<group>"; };
		6E1AC33A248D3B22004C006A /* RecentAddServantListView.swift */ = {isa = PBXFileReference; lastKnownFileType = sourcecode.swift; path = RecentAddServantListView.swift; sourceTree = "<group>"; };
		6E2FA584248A063F00822AA0 /* FateIndex.app */ = {isa = PBXFileReference; explicitFileType = wrapper.application; includeInIndex = 0; path = FateIndex.app; sourceTree = BUILT_PRODUCTS_DIR; };
		6E2FA587248A063F00822AA0 /* AppDelegate.swift */ = {isa = PBXFileReference; lastKnownFileType = sourcecode.swift; path = AppDelegate.swift; sourceTree = "<group>"; };
		6E2FA589248A063F00822AA0 /* SceneDelegate.swift */ = {isa = PBXFileReference; lastKnownFileType = sourcecode.swift; path = SceneDelegate.swift; sourceTree = "<group>"; };
		6E2FA58B248A063F00822AA0 /* ContentView.swift */ = {isa = PBXFileReference; lastKnownFileType = sourcecode.swift; path = ContentView.swift; sourceTree = "<group>"; };
		6E2FA58D248A064000822AA0 /* Assets.xcassets */ = {isa = PBXFileReference; lastKnownFileType = folder.assetcatalog; path = Assets.xcassets; sourceTree = "<group>"; };
		6E2FA590248A064000822AA0 /* Preview Assets.xcassets */ = {isa = PBXFileReference; lastKnownFileType = folder.assetcatalog; path = "Preview Assets.xcassets"; sourceTree = "<group>"; };
		6E2FA593248A064000822AA0 /* Base */ = {isa = PBXFileReference; lastKnownFileType = file.storyboard; name = Base; path = Base.lproj/LaunchScreen.storyboard; sourceTree = "<group>"; };
		6E2FA595248A064000822AA0 /* Info.plist */ = {isa = PBXFileReference; lastKnownFileType = text.plist.xml; path = Info.plist; sourceTree = "<group>"; };
		6E2FA59A248A064000822AA0 /* FateIndexTests.xctest */ = {isa = PBXFileReference; explicitFileType = wrapper.cfbundle; includeInIndex = 0; path = FateIndexTests.xctest; sourceTree = BUILT_PRODUCTS_DIR; };
		6E2FA59E248A064100822AA0 /* FateIndexTests.swift */ = {isa = PBXFileReference; lastKnownFileType = sourcecode.swift; path = FateIndexTests.swift; sourceTree = "<group>"; };
		6E2FA5A0248A064100822AA0 /* Info.plist */ = {isa = PBXFileReference; lastKnownFileType = text.plist.xml; path = Info.plist; sourceTree = "<group>"; };
		6E2FA5AA248A077C00822AA0 /* AppView.swift */ = {isa = PBXFileReference; lastKnownFileType = sourcecode.swift; path = AppView.swift; sourceTree = "<group>"; };
		6E2FA5B2248A0AA000822AA0 /* UIColor+Extension.swift */ = {isa = PBXFileReference; lastKnownFileType = sourcecode.swift; path = "UIColor+Extension.swift"; sourceTree = "<group>"; };
		6E2FA5B6248A144100822AA0 /* SettingsView.swift */ = {isa = PBXFileReference; lastKnownFileType = sourcecode.swift; path = SettingsView.swift; sourceTree = "<group>"; };
		6E2FA5B8248A199400822AA0 /* ServantsView.swift */ = {isa = PBXFileReference; lastKnownFileType = sourcecode.swift; path = ServantsView.swift; sourceTree = "<group>"; };
		6E2FA5BA248A1BF900822AA0 /* SearchBar.swift */ = {isa = PBXFileReference; lastKnownFileType = sourcecode.swift; path = SearchBar.swift; sourceTree = "<group>"; };
		6E4C9D8B248B874000B96630 /* DavinciStoreCraftEssenceListView.swift */ = {isa = PBXFileReference; lastKnownFileType = sourcecode.swift; path = DavinciStoreCraftEssenceListView.swift; sourceTree = "<group>"; };
		6E4C9D8D248B880F00B96630 /* DavinciStoreCraftEssenceView.swift */ = {isa = PBXFileReference; lastKnownFileType = sourcecode.swift; path = DavinciStoreCraftEssenceView.swift; sourceTree = "<group>"; };
		6E4C9D90248B8BC000B96630 /* CraftEssences.swift */ = {isa = PBXFileReference; lastKnownFileType = sourcecode.swift; path = CraftEssences.swift; sourceTree = "<group>"; };
		6E4C9D94248B8F4C00B96630 /* craftEssence_80.json */ = {isa = PBXFileReference; lastKnownFileType = text.json; path = craftEssence_80.json; sourceTree = "<group>"; };
		6E4C9D96248B947C00B96630 /* Data.swift */ = {isa = PBXFileReference; lastKnownFileType = sourcecode.swift; path = Data.swift; sourceTree = "<group>"; };
		6E4C9D99248B96A500B96630 /* CraftEssenceStore.swift */ = {isa = PBXFileReference; lastKnownFileType = sourcecode.swift; path = CraftEssenceStore.swift; sourceTree = "<group>"; };
		6E4C9D9B248B9A7E00B96630 /* CraftEssenceStoreTests.swift */ = {isa = PBXFileReference; lastKnownFileType = sourcecode.swift; path = CraftEssenceStoreTests.swift; sourceTree = "<group>"; };
		6E4C9D9D248B9DC600B96630 /* craftEssence_178.json */ = {isa = PBXFileReference; lastKnownFileType = text.json; path = craftEssence_178.json; sourceTree = "<group>"; };
		6E4C9D9F248BA1CB00B96630 /* craftEssence_242.json */ = {isa = PBXFileReference; lastKnownFileType = text.json; path = craftEssence_242.json; sourceTree = "<group>"; };
		6E4C9DA1248BAC2300B96630 /* craftEssence_330.json */ = {isa = PBXFileReference; lastKnownFileType = text.json; path = craftEssence_330.json; sourceTree = "<group>"; };
		6E4C9DA3248BAD0700B96630 /* craftEssence_861.json */ = {isa = PBXFileReference; lastKnownFileType = text.json; path = craftEssence_861.json; sourceTree = "<group>"; };
		6E4C9DA5248BADDE00B96630 /* craftEssence_910.json */ = {isa = PBXFileReference; lastKnownFileType = text.json; path = craftEssence_910.json; sourceTree = "<group>"; };
		6E4C9DA7248BAE6E00B96630 /* craftEssence_988.json */ = {isa = PBXFileReference; lastKnownFileType = text.json; path = craftEssence_988.json; sourceTree = "<group>"; };
		6E4C9DA9248BAF0C00B96630 /* craftEssence_1012.json */ = {isa = PBXFileReference; lastKnownFileType = text.json; path = craftEssence_1012.json; sourceTree = "<group>"; };
		6E4C9DAB248BAF8400B96630 /* craftEssence_1080.json */ = {isa = PBXFileReference; lastKnownFileType = text.json; path = craftEssence_1080.json; sourceTree = "<group>"; };
		6E4C9DAD248BB00F00B96630 /* craftEssence_1121.json */ = {isa = PBXFileReference; lastKnownFileType = text.json; path = craftEssence_1121.json; sourceTree = "<group>"; };
		6E4C9DAF248BB08D00B96630 /* craftEssence_1149.json */ = {isa = PBXFileReference; lastKnownFileType = text.json; path = craftEssence_1149.json; sourceTree = "<group>"; };
		6E69D17E2492494B009A7F00 /* SkillDetailView.swift */ = {isa = PBXFileReference; lastKnownFileType = sourcecode.swift; path = SkillDetailView.swift; sourceTree = "<group>"; };
		6E69D18024924BAA009A7F00 /* String+Extension.swift */ = {isa = PBXFileReference; lastKnownFileType = sourcecode.swift; path = "String+Extension.swift"; sourceTree = "<group>"; };
		6E69D182249271EF009A7F00 /* SeeAllCommandCodeListView.swift */ = {isa = PBXFileReference; lastKnownFileType = sourcecode.swift; path = SeeAllCommandCodeListView.swift; sourceTree = "<group>"; };
		6E79A28A24946838002FE7B7 /* UIKitTabView.swift */ = {isa = PBXFileReference; lastKnownFileType = sourcecode.swift; path = UIKitTabView.swift; sourceTree = "<group>"; };
		6E79A28C24964E82002FE7B7 /* CommandCodeDetailView.swift */ = {isa = PBXFileReference; lastKnownFileType = sourcecode.swift; path = CommandCodeDetailView.swift; sourceTree = "<group>"; };
		6E7EA319248FD1A4006C0321 /* MysticCodeDetailView.swift */ = {isa = PBXFileReference; lastKnownFileType = sourcecode.swift; path = MysticCodeDetailView.swift; sourceTree = "<group>"; };
		6E7EA31B248FD2E5006C0321 /* CommonCellView.swift */ = {isa = PBXFileReference; lastKnownFileType = sourcecode.swift; path = CommonCellView.swift; sourceTree = "<group>"; };
		6ED0723E248A22EC00C2C7D9 /* TopNServantsListView.swift */ = {isa = PBXFileReference; lastKnownFileType = sourcecode.swift; path = TopNServantsListView.swift; sourceTree = "<group>"; };
		6ED07240248A241500C2C7D9 /* TopNServant.swift */ = {isa = PBXFileReference; lastKnownFileType = sourcecode.swift; path = TopNServant.swift; sourceTree = "<group>"; };
		6ED07242248A2A7400C2C7D9 /* ServantDetailView.swift */ = {isa = PBXFileReference; lastKnownFileType = sourcecode.swift; path = ServantDetailView.swift; sourceTree = "<group>"; };
		6ED07244248A30C000C2C7D9 /* ServantBoxView.swift */ = {isa = PBXFileReference; lastKnownFileType = sourcecode.swift; path = ServantBoxView.swift; sourceTree = "<group>"; };
		6ED07246248A4E7B00C2C7D9 /* ServantClassListView.swift */ = {isa = PBXFileReference; lastKnownFileType = sourcecode.swift; path = ServantClassListView.swift; sourceTree = "<group>"; };
		6ED07248248A4EEE00C2C7D9 /* AppConstants.swift */ = {isa = PBXFileReference; lastKnownFileType = sourcecode.swift; path = AppConstants.swift; sourceTree = "<group>"; };
		6ED0724A248A50C300C2C7D9 /* ServantClassView.swift */ = {isa = PBXFileReference; lastKnownFileType = sourcecode.swift; path = ServantClassView.swift; sourceTree = "<group>"; };
		6ED0724C248A661400C2C7D9 /* GivenServantListView.swift */ = {isa = PBXFileReference; lastKnownFileType = sourcecode.swift; path = GivenServantListView.swift; sourceTree = "<group>"; };
		6ED0724E248A672300C2C7D9 /* GivenServantView.swift */ = {isa = PBXFileReference; lastKnownFileType = sourcecode.swift; path = GivenServantView.swift; sourceTree = "<group>"; };
		6ED07250248A887200C2C7D9 /* CampaignServant.swift */ = {isa = PBXFileReference; lastKnownFileType = sourcecode.swift; path = CampaignServant.swift; sourceTree = "<group>"; };
		6ED211E02491110F005E98D2 /* MysticCodeTableListView.swift */ = {isa = PBXFileReference; lastKnownFileType = sourcecode.swift; path = MysticCodeTableListView.swift; sourceTree = "<group>"; };
		6EEC277E249A36D3008809E7 /* RoundedListDetailView.swift */ = {isa = PBXFileReference; lastKnownFileType = sourcecode.swift; path = RoundedListDetailView.swift; sourceTree = "<group>"; };
		6EEC2782249A5A75008809E7 /* RoundedShadowButton.swift */ = {isa = PBXFileReference; lastKnownFileType = sourcecode.swift; path = RoundedShadowButton.swift; sourceTree = "<group>"; };
		6EEC2784249A5D00008809E7 /* RoundedButton.swift */ = {isa = PBXFileReference; lastKnownFileType = sourcecode.swift; path = RoundedButton.swift; sourceTree = "<group>"; };
/* End PBXFileReference section */

/* Begin PBXFrameworksBuildPhase section */
		6E2FA581248A063F00822AA0 /* Frameworks */ = {
			isa = PBXFrameworksBuildPhase;
			buildActionMask = 2147483647;
			files = (
			);
			runOnlyForDeploymentPostprocessing = 0;
		};
		6E2FA597248A064000822AA0 /* Frameworks */ = {
			isa = PBXFrameworksBuildPhase;
			buildActionMask = 2147483647;
			files = (
			);
			runOnlyForDeploymentPostprocessing = 0;
		};
/* End PBXFrameworksBuildPhase section */

/* Begin PBXGroup section */
		6E1AC201248C8FF3004C006A /* CommandCodes */ = {
			isa = PBXGroup;
			children = (
				6E1AC285248C90AD004C006A /* command_code_1.json */,
				6E1AC27E248C90AD004C006A /* command_code_2.json */,
				6E1AC2A8248C90AF004C006A /* command_code_3.json */,
				6E1AC286248C90AD004C006A /* command_code_4.json */,
				6E1AC292248C90AD004C006A /* command_code_5.json */,
				6E1AC28D248C90AD004C006A /* command_code_6.json */,
				6E1AC2A5248C90AE004C006A /* command_code_7.json */,
				6E1AC287248C90AD004C006A /* command_code_8.json */,
				6E1AC28B248C90AD004C006A /* command_code_9.json */,
				6E1AC2B5248C90AF004C006A /* command_code_10.json */,
				6E1AC28F248C90AD004C006A /* command_code_11.json */,
				6E1AC280248C90AD004C006A /* command_code_12.json */,
				6E1AC2B1248C90AF004C006A /* command_code_13.json */,
				6E1AC2AA248C90AF004C006A /* command_code_14.json */,
				6E1AC2B2248C90AF004C006A /* command_code_15.json */,
				6E1AC290248C90AD004C006A /* command_code_16.json */,
				6E1AC28A248C90AD004C006A /* command_code_17.json */,
				6E1AC2A3248C90AE004C006A /* command_code_18.json */,
				6E1AC289248C90AD004C006A /* command_code_19.json */,
				6E1AC28C248C90AD004C006A /* command_code_20.json */,
				6E1AC2A6248C90AF004C006A /* command_code_21.json */,
				6E1AC27F248C90AD004C006A /* command_code_22.json */,
				6E1AC29B248C90AE004C006A /* command_code_23.json */,
				6E1AC283248C90AD004C006A /* command_code_24.json */,
				6E1AC27C248C90AD004C006A /* command_code_25.json */,
				6E1AC2AF248C90AF004C006A /* command_code_26.json */,
				6E1AC2AD248C90AF004C006A /* command_code_27.json */,
				6E1AC299248C90AE004C006A /* command_code_28.json */,
				6E1AC28E248C90AD004C006A /* command_code_29.json */,
				6E1AC2A2248C90AE004C006A /* command_code_30.json */,
				6E1AC2B0248C90AF004C006A /* command_code_31.json */,
				6E1AC288248C90AD004C006A /* command_code_32.json */,
				6E1AC2B3248C90AF004C006A /* command_code_33.json */,
				6E1AC284248C90AD004C006A /* command_code_34.json */,
				6E1AC294248C90AE004C006A /* command_code_35.json */,
				6E1AC2B4248C90AF004C006A /* command_code_36.json */,
				6E1AC2AB248C90AF004C006A /* command_code_37.json */,
				6E1AC282248C90AD004C006A /* command_code_38.json */,
				6E1AC281248C90AD004C006A /* command_code_39.json */,
				6E1AC29F248C90AE004C006A /* command_code_40.json */,
				6E1AC29D248C90AE004C006A /* command_code_41.json */,
				6E1AC27A248C90AD004C006A /* command_code_42.json */,
				6E1AC29E248C90AE004C006A /* command_code_43.json */,
				6E1AC2A0248C90AE004C006A /* command_code_44.json */,
				6E1AC296248C90AE004C006A /* command_code_45.json */,
				6E1AC29C248C90AE004C006A /* command_code_46.json */,
				6E1AC298248C90AE004C006A /* command_code_47.json */,
				6E1AC2A9248C90AF004C006A /* command_code_48.json */,
				6E1AC291248C90AD004C006A /* command_code_49.json */,
				6E1AC2AC248C90AF004C006A /* command_code_50.json */,
				6E1AC29A248C90AE004C006A /* command_code_51.json */,
				6E1AC2A1248C90AE004C006A /* command_code_52.json */,
				6E1AC2A7248C90AF004C006A /* command_code_53.json */,
				6E1AC2AE248C90AF004C006A /* command_code_54.json */,
				6E1AC27B248C90AD004C006A /* command_code_55.json */,
				6E1AC295248C90AE004C006A /* command_code_56.json */,
				6E1AC2A4248C90AE004C006A /* command_code_57.json */,
				6E1AC293248C90AD004C006A /* command_code_58.json */,
				6E1AC27D248C90AD004C006A /* command_code_59.json */,
				6E1AC297248C90AE004C006A /* command_code_60.json */,
				6E1AC2F2248C932D004C006A /* command_code_61.json */,
				6E1AC2F4248C9523004C006A /* command_code_62.json */,
				6E1AC2F6248C956D004C006A /* command_code_63.json */,
				6E1AC2F8248C95BF004C006A /* command_code_64.json */,
			);
			path = CommandCodes;
			sourceTree = "<group>";
		};
		6E1AC2FE248C97CC004C006A /* MasterTab */ = {
			isa = PBXGroup;
			children = (
				6E1AC1FB248C7F77004C006A /* MasterView.swift */,
				6E1AC2FF248C98D4004C006A /* CommandCodeListView.swift */,
				6E1AC301248C9B43004C006A /* CommandCodeAlbumnFrameView.swift */,
				6E1AC303248C9C54004C006A /* CommandCodeBoxView.swift */,
				6E1AC32B248CCD4F004C006A /* MysticCodeListView.swift */,
				6E1AC32D248CCEFC004C006A /* MysticCodeBoxView.swift */,
				6E7EA319248FD1A4006C0321 /* MysticCodeDetailView.swift */,
				6ED211E02491110F005E98D2 /* MysticCodeTableListView.swift */,
				6E69D182249271EF009A7F00 /* SeeAllCommandCodeListView.swift */,
				6E79A28C24964E82002FE7B7 /* CommandCodeDetailView.swift */,
			);
			path = MasterTab;
			sourceTree = "<group>";
		};
		6E1AC305248CC734004C006A /* MysticCodes */ = {
			isa = PBXGroup;
			children = (
				6E1AC311248CC774004C006A /* mystic_code_1.json */,
				6E1AC309248CC773004C006A /* mystic_code_2.json */,
				6E1AC30F248CC773004C006A /* mystic_code_3.json */,
				6E1AC308248CC773004C006A /* mystic_code_4.json */,
				6E1AC30C248CC773004C006A /* mystic_code_5.json */,
				6E1AC313248CC774004C006A /* mystic_code_6.json */,
				6E1AC30E248CC773004C006A /* mystic_code_7.json */,
				6E1AC30A248CC773004C006A /* mystic_code_8.json */,
				6E1AC307248CC773004C006A /* mystic_code_9.json */,
				6E1AC30B248CC773004C006A /* mystic_code_10.json */,
				6E1AC310248CC773004C006A /* mystic_code_11.json */,
				6E1AC312248CC774004C006A /* mystic_code_12.json */,
				6E1AC30D248CC773004C006A /* mystic_code_13.json */,
				6E1AC314248CC774004C006A /* mystic_code_14.json */,
				6E1AC315248CC774004C006A /* mystic_code_15.json */,
			);
			path = MysticCodes;
			sourceTree = "<group>";
		};
		6E1AC306248CC746004C006A /* Data */ = {
			isa = PBXGroup;
			children = (
				6E1AC305248CC734004C006A /* MysticCodes */,
				6E1AC201248C8FF3004C006A /* CommandCodes */,
				6E4C9D93248B8F0D00B96630 /* CraftEssences */,
			);
			path = Data;
			sourceTree = "<group>";
		};
		6E1AC32F248D1403004C006A /* ServantTab */ = {
			isa = PBXGroup;
			children = (
				6E1AC330248D144F004C006A /* FightCharacterFilterListView.swift */,
				6E1AC33A248D3B22004C006A /* RecentAddServantListView.swift */,
			);
			path = ServantTab;
			sourceTree = "<group>";
		};
		6E2FA57B248A063F00822AA0 = {
			isa = PBXGroup;
			children = (
				6E2FA586248A063F00822AA0 /* FateIndex */,
				6E2FA59D248A064100822AA0 /* FateIndexTests */,
				6E2FA585248A063F00822AA0 /* Products */,
			);
			sourceTree = "<group>";
		};
		6E2FA585248A063F00822AA0 /* Products */ = {
			isa = PBXGroup;
			children = (
				6E2FA584248A063F00822AA0 /* FateIndex.app */,
				6E2FA59A248A064000822AA0 /* FateIndexTests.xctest */,
			);
			name = Products;
			sourceTree = "<group>";
		};
		6E2FA586248A063F00822AA0 /* FateIndex */ = {
			isa = PBXGroup;
			children = (
				6E2FA587248A063F00822AA0 /* AppDelegate.swift */,
				6E2FA5AC248A093400822AA0 /* Components */,
				6E2FA58B248A063F00822AA0 /* ContentView.swift */,
				6E2FA5B1248A0A8F00822AA0 /* Helpers */,
				6E2FA595248A064000822AA0 /* Info.plist */,
				6E2FA592248A064000822AA0 /* LaunchScreen.storyboard */,
				6E4C9D8F248B8B4300B96630 /* Models */,
				6E2FA58F248A064000822AA0 /* Preview Content */,
				6E4C9D92248B8ECF00B96630 /* Resource */,
				6E2FA589248A063F00822AA0 /* SceneDelegate.swift */,
				6E4C9D98248B969600B96630 /* Stores */,
				6E2FA5A9248A076B00822AA0 /* View */,
			);
			path = FateIndex;
			sourceTree = "<group>";
		};
		6E2FA58F248A064000822AA0 /* Preview Content */ = {
			isa = PBXGroup;
			children = (
				6E2FA590248A064000822AA0 /* Preview Assets.xcassets */,
			);
			path = "Preview Content";
			sourceTree = "<group>";
		};
		6E2FA59D248A064100822AA0 /* FateIndexTests */ = {
			isa = PBXGroup;
			children = (
				6E2FA59E248A064100822AA0 /* FateIndexTests.swift */,
				6E2FA5A0248A064100822AA0 /* Info.plist */,
				6E4C9D9B248B9A7E00B96630 /* CraftEssenceStoreTests.swift */,
				6E1AC2FC248C96F2004C006A /* CommandCodeStoreTests.swift */,
				6E1AC329248CCA1B004C006A /* MysticCodeStoreTests.swift */,
			);
			path = FateIndexTests;
			sourceTree = "<group>";
		};
		6E2FA5A9248A076B00822AA0 /* View */ = {
			isa = PBXGroup;
			children = (
				6EEC277D249A36B1008809E7 /* Shared */,
				6E1AC32F248D1403004C006A /* ServantTab */,
				6E1AC2FE248C97CC004C006A /* MasterTab */,
				6E2FA5B6248A144100822AA0 /* SettingsView.swift */,
				6E2FA5AA248A077C00822AA0 /* AppView.swift */,
				6E2FA5B8248A199400822AA0 /* ServantsView.swift */,
				6E2FA5BA248A1BF900822AA0 /* SearchBar.swift */,
				6ED0723E248A22EC00C2C7D9 /* TopNServantsListView.swift */,
				6ED07242248A2A7400C2C7D9 /* ServantDetailView.swift */,
				6ED07244248A30C000C2C7D9 /* ServantBoxView.swift */,
				6ED07246248A4E7B00C2C7D9 /* ServantClassListView.swift */,
				6ED0724A248A50C300C2C7D9 /* ServantClassView.swift */,
				6ED0724C248A661400C2C7D9 /* GivenServantListView.swift */,
				6ED0724E248A672300C2C7D9 /* GivenServantView.swift */,
				6E4C9D8B248B874000B96630 /* DavinciStoreCraftEssenceListView.swift */,
				6E4C9D8D248B880F00B96630 /* DavinciStoreCraftEssenceView.swift */,
				6E7EA31B248FD2E5006C0321 /* CommonCellView.swift */,
				6E69D17E2492494B009A7F00 /* SkillDetailView.swift */,
			);
			path = View;
			sourceTree = "<group>";
		};
		6E2FA5AC248A093400822AA0 /* Components */ = {
			isa = PBXGroup;
			children = (
			);
			path = Components;
			sourceTree = "<group>";
		};
		6E2FA5B1248A0A8F00822AA0 /* Helpers */ = {
			isa = PBXGroup;
			children = (
				6E2FA5B2248A0AA000822AA0 /* UIColor+Extension.swift */,
				6ED07248248A4EEE00C2C7D9 /* AppConstants.swift */,
				6E4C9D96248B947C00B96630 /* Data.swift */,
				6E69D18024924BAA009A7F00 /* String+Extension.swift */,
				6E79A28A24946838002FE7B7 /* UIKitTabView.swift */,
			);
			path = Helpers;
			sourceTree = "<group>";
		};
		6E4C9D8F248B8B4300B96630 /* Models */ = {
			isa = PBXGroup;
			children = (
				6ED07240248A241500C2C7D9 /* TopNServant.swift */,
				6ED07250248A887200C2C7D9 /* CampaignServant.swift */,
				6E4C9D90248B8BC000B96630 /* CraftEssences.swift */,
				6E1AC1FF248C8942004C006A /* CommandCode.swift */,
				6E1AC325248CC799004C006A /* MysticCode.swift */,
			);
			path = Models;
			sourceTree = "<group>";
		};
		6E4C9D92248B8ECF00B96630 /* Resource */ = {
			isa = PBXGroup;
			children = (
				6E1AC306248CC746004C006A /* Data */,
				6E2FA58D248A064000822AA0 /* Assets.xcassets */,
			);
			path = Resource;
			sourceTree = "<group>";
		};
		6E4C9D93248B8F0D00B96630 /* CraftEssences */ = {
			isa = PBXGroup;
			children = (
				6E4C9D94248B8F4C00B96630 /* craftEssence_80.json */,
				6E4C9D9D248B9DC600B96630 /* craftEssence_178.json */,
				6E4C9D9F248BA1CB00B96630 /* craftEssence_242.json */,
				6E4C9DA1248BAC2300B96630 /* craftEssence_330.json */,
				6E4C9DA3248BAD0700B96630 /* craftEssence_861.json */,
				6E4C9DA5248BADDE00B96630 /* craftEssence_910.json */,
				6E4C9DA7248BAE6E00B96630 /* craftEssence_988.json */,
				6E4C9DA9248BAF0C00B96630 /* craftEssence_1012.json */,
				6E4C9DAB248BAF8400B96630 /* craftEssence_1080.json */,
				6E4C9DAD248BB00F00B96630 /* craftEssence_1121.json */,
				6E4C9DAF248BB08D00B96630 /* craftEssence_1149.json */,
				6E1AC1FD248C83D6004C006A /* craftEssence_1214.json */,
			);
			path = CraftEssences;
			sourceTree = "<group>";
		};
		6E4C9D98248B969600B96630 /* Stores */ = {
			isa = PBXGroup;
			children = (
				6E4C9D99248B96A500B96630 /* CraftEssenceStore.swift */,
				6E1AC2FA248C9634004C006A /* CommandCodeStore.swift */,
				6E1AC327248CC995004C006A /* MysticCodeStore.swift */,
			);
			path = Stores;
			sourceTree = "<group>";
		};
		6EEC277D249A36B1008809E7 /* Shared */ = {
			isa = PBXGroup;
			children = (
				6EEC277E249A36D3008809E7 /* RoundedListDetailView.swift */,
				6EEC2782249A5A75008809E7 /* RoundedShadowButton.swift */,
				6EEC2784249A5D00008809E7 /* RoundedButton.swift */,
			);
			path = Shared;
			sourceTree = "<group>";
		};
/* End PBXGroup section */

/* Begin PBXNativeTarget section */
		6E2FA583248A063F00822AA0 /* FateIndex */ = {
			isa = PBXNativeTarget;
			buildConfigurationList = 6E2FA5A3248A064100822AA0 /* Build configuration list for PBXNativeTarget "FateIndex" */;
			buildPhases = (
				6E2FA580248A063F00822AA0 /* Sources */,
				6E2FA581248A063F00822AA0 /* Frameworks */,
				6E2FA582248A063F00822AA0 /* Resources */,
			);
			buildRules = (
			);
			dependencies = (
			);
			name = FateIndex;
			productName = FateIndex;
			productReference = 6E2FA584248A063F00822AA0 /* FateIndex.app */;
			productType = "com.apple.product-type.application";
		};
		6E2FA599248A064000822AA0 /* FateIndexTests */ = {
			isa = PBXNativeTarget;
			buildConfigurationList = 6E2FA5A6248A064100822AA0 /* Build configuration list for PBXNativeTarget "FateIndexTests" */;
			buildPhases = (
				6E2FA596248A064000822AA0 /* Sources */,
				6E2FA597248A064000822AA0 /* Frameworks */,
				6E2FA598248A064000822AA0 /* Resources */,
			);
			buildRules = (
			);
			dependencies = (
				6E2FA59C248A064000822AA0 /* PBXTargetDependency */,
			);
			name = FateIndexTests;
			productName = FateIndexTests;
			productReference = 6E2FA59A248A064000822AA0 /* FateIndexTests.xctest */;
			productType = "com.apple.product-type.bundle.unit-test";
		};
/* End PBXNativeTarget section */

/* Begin PBXProject section */
		6E2FA57C248A063F00822AA0 /* Project object */ = {
			isa = PBXProject;
			attributes = {
				LastSwiftUpdateCheck = 1150;
				LastUpgradeCheck = 1150;
				ORGANIZATIONNAME = "FoxHound-Peter-Guan";
				TargetAttributes = {
					6E2FA583248A063F00822AA0 = {
						CreatedOnToolsVersion = 11.5;
					};
					6E2FA599248A064000822AA0 = {
						CreatedOnToolsVersion = 11.5;
						TestTargetID = 6E2FA583248A063F00822AA0;
					};
				};
			};
			buildConfigurationList = 6E2FA57F248A063F00822AA0 /* Build configuration list for PBXProject "FateIndex" */;
			compatibilityVersion = "Xcode 9.3";
			developmentRegion = en;
			hasScannedForEncodings = 0;
			knownRegions = (
				en,
				Base,
			);
			mainGroup = 6E2FA57B248A063F00822AA0;
			productRefGroup = 6E2FA585248A063F00822AA0 /* Products */;
			projectDirPath = "";
			projectRoot = "";
			targets = (
				6E2FA583248A063F00822AA0 /* FateIndex */,
				6E2FA599248A064000822AA0 /* FateIndexTests */,
			);
		};
/* End PBXProject section */

/* Begin PBXResourcesBuildPhase section */
		6E2FA582248A063F00822AA0 /* Resources */ = {
			isa = PBXResourcesBuildPhase;
			buildActionMask = 2147483647;
			files = (
				6E1AC2CE248C90B0004C006A /* command_code_5.json in Resources */,
				6E1AC2E8248C90B0004C006A /* command_code_50.json in Resources */,
				6E1AC2EE248C90B0004C006A /* command_code_15.json in Resources */,
				6E1AC2EB248C90B0004C006A /* command_code_26.json in Resources */,
				6E1AC2C3248C90B0004C006A /* command_code_8.json in Resources */,
				6E1AC2E5248C90B0004C006A /* command_code_48.json in Resources */,
				6E2FA594248A064000822AA0 /* LaunchScreen.storyboard in Resources */,
				6E1AC2BA248C90B0004C006A /* command_code_2.json in Resources */,
				6E1AC2CC248C90B0004C006A /* command_code_16.json in Resources */,
				6E1AC2C1248C90B0004C006A /* command_code_1.json in Resources */,
				6E1AC2D1248C90B0004C006A /* command_code_56.json in Resources */,
				6E1AC2F1248C90B0004C006A /* command_code_10.json in Resources */,
				6E1AC323248CC774004C006A /* mystic_code_14.json in Resources */,
				6E1AC2C2248C90B0004C006A /* command_code_4.json in Resources */,
				6E1AC2E4248C90B0004C006A /* command_code_3.json in Resources */,
				6E4C9DA8248BAE6E00B96630 /* craftEssence_988.json in Resources */,
				6E1AC2D2248C90B0004C006A /* command_code_45.json in Resources */,
				6E1AC319248CC774004C006A /* mystic_code_8.json in Resources */,
				6E1AC2D6248C90B0004C006A /* command_code_51.json in Resources */,
				6E1AC2E2248C90B0004C006A /* command_code_21.json in Resources */,
				6E1AC31C248CC774004C006A /* mystic_code_13.json in Resources */,
				6E1AC2D9248C90B0004C006A /* command_code_41.json in Resources */,
				6E1AC2F7248C956D004C006A /* command_code_63.json in Resources */,
				6E4C9DA4248BAD0700B96630 /* craftEssence_861.json in Resources */,
				6E1AC2D4248C90B0004C006A /* command_code_47.json in Resources */,
				6E1AC2C5248C90B0004C006A /* command_code_19.json in Resources */,
				6E1AC2DE248C90B0004C006A /* command_code_30.json in Resources */,
				6E4C9D95248B8F4C00B96630 /* craftEssence_80.json in Resources */,
				6E4C9DAC248BAF8400B96630 /* craftEssence_1080.json in Resources */,
				6E1AC324248CC774004C006A /* mystic_code_15.json in Resources */,
				6E1AC2F9248C95BF004C006A /* command_code_64.json in Resources */,
				6E1AC2E9248C90B0004C006A /* command_code_27.json in Resources */,
				6E1AC322248CC774004C006A /* mystic_code_6.json in Resources */,
				6E1AC2CD248C90B0004C006A /* command_code_49.json in Resources */,
				6E1AC2BF248C90B0004C006A /* command_code_24.json in Resources */,
				6E1AC2CA248C90B0004C006A /* command_code_29.json in Resources */,
				6E1AC2DB248C90B0004C006A /* command_code_40.json in Resources */,
				6E1AC317248CC774004C006A /* mystic_code_4.json in Resources */,
				6E1AC2E6248C90B0004C006A /* command_code_14.json in Resources */,
				6E1AC2B9248C90B0004C006A /* command_code_59.json in Resources */,
				6E1AC2C4248C90B0004C006A /* command_code_32.json in Resources */,
				6E1AC31B248CC774004C006A /* mystic_code_5.json in Resources */,
				6E1AC318248CC774004C006A /* mystic_code_2.json in Resources */,
				6E4C9DA0248BA1CB00B96630 /* craftEssence_242.json in Resources */,
				6E1AC2DA248C90B0004C006A /* command_code_43.json in Resources */,
				6E1AC31F248CC774004C006A /* mystic_code_11.json in Resources */,
				6E1AC316248CC774004C006A /* mystic_code_9.json in Resources */,
				6E1AC1FE248C83D6004C006A /* craftEssence_1214.json in Resources */,
				6E1AC2BD248C90B0004C006A /* command_code_39.json in Resources */,
				6E4C9DB0248BB08D00B96630 /* craftEssence_1149.json in Resources */,
				6E1AC320248CC774004C006A /* mystic_code_1.json in Resources */,
				6E1AC2F0248C90B0004C006A /* command_code_36.json in Resources */,
				6E4C9DA6248BADDE00B96630 /* craftEssence_910.json in Resources */,
				6E1AC31A248CC774004C006A /* mystic_code_10.json in Resources */,
				6E1AC2D8248C90B0004C006A /* command_code_46.json in Resources */,
				6E1AC2BB248C90B0004C006A /* command_code_22.json in Resources */,
				6E1AC2CB248C90B0004C006A /* command_code_11.json in Resources */,
				6E1AC2F3248C932D004C006A /* command_code_61.json in Resources */,
				6E1AC2EF248C90B0004C006A /* command_code_33.json in Resources */,
				6E4C9DAE248BB00F00B96630 /* craftEssence_1121.json in Resources */,
				6E1AC321248CC774004C006A /* mystic_code_12.json in Resources */,
				6E1AC31E248CC774004C006A /* mystic_code_3.json in Resources */,
				6E1AC2C0248C90B0004C006A /* command_code_34.json in Resources */,
				6E1AC2B7248C90B0004C006A /* command_code_55.json in Resources */,
				6E1AC2B8248C90B0004C006A /* command_code_25.json in Resources */,
				6E1AC2D5248C90B0004C006A /* command_code_28.json in Resources */,
				6E1AC2E0248C90B0004C006A /* command_code_57.json in Resources */,
				6E1AC2CF248C90B0004C006A /* command_code_58.json in Resources */,
				6E1AC2F5248C9523004C006A /* command_code_62.json in Resources */,
				6E1AC2DC248C90B0004C006A /* command_code_44.json in Resources */,
				6E1AC2B6248C90B0004C006A /* command_code_42.json in Resources */,
				6E1AC2DF248C90B0004C006A /* command_code_18.json in Resources */,
				6E1AC31D248CC774004C006A /* mystic_code_7.json in Resources */,
				6E1AC2DD248C90B0004C006A /* command_code_52.json in Resources */,
				6E2FA591248A064000822AA0 /* Preview Assets.xcassets in Resources */,
				6E2FA58E248A064000822AA0 /* Assets.xcassets in Resources */,
				6E4C9DAA248BAF0C00B96630 /* craftEssence_1012.json in Resources */,
				6E1AC2D7248C90B0004C006A /* command_code_23.json in Resources */,
				6E1AC2BC248C90B0004C006A /* command_code_12.json in Resources */,
				6E1AC2EC248C90B0004C006A /* command_code_31.json in Resources */,
				6E1AC2C9248C90B0004C006A /* command_code_6.json in Resources */,
				6E1AC2C8248C90B0004C006A /* command_code_20.json in Resources */,
				6E1AC2C6248C90B0004C006A /* command_code_17.json in Resources */,
				6E4C9D9E248B9DC600B96630 /* craftEssence_178.json in Resources */,
				6E1AC2D3248C90B0004C006A /* command_code_60.json in Resources */,
				6E1AC2E3248C90B0004C006A /* command_code_53.json in Resources */,
				6E1AC2EA248C90B0004C006A /* command_code_54.json in Resources */,
				6E1AC2ED248C90B0004C006A /* command_code_13.json in Resources */,
				6E1AC2D0248C90B0004C006A /* command_code_35.json in Resources */,
				6E4C9DA2248BAC2300B96630 /* craftEssence_330.json in Resources */,
				6E1AC2E7248C90B0004C006A /* command_code_37.json in Resources */,
				6E1AC2BE248C90B0004C006A /* command_code_38.json in Resources */,
				6E1AC2C7248C90B0004C006A /* command_code_9.json in Resources */,
				6E1AC2E1248C90B0004C006A /* command_code_7.json in Resources */,
			);
			runOnlyForDeploymentPostprocessing = 0;
		};
		6E2FA598248A064000822AA0 /* Resources */ = {
			isa = PBXResourcesBuildPhase;
			buildActionMask = 2147483647;
			files = (
			);
			runOnlyForDeploymentPostprocessing = 0;
		};
/* End PBXResourcesBuildPhase section */

/* Begin PBXSourcesBuildPhase section */
		6E2FA580248A063F00822AA0 /* Sources */ = {
			isa = PBXSourcesBuildPhase;
			buildActionMask = 2147483647;
			files = (
				6E2FA5B7248A144100822AA0 /* SettingsView.swift in Sources */,
				6E69D17F2492494B009A7F00 /* SkillDetailView.swift in Sources */,
				6ED0723F248A22EC00C2C7D9 /* TopNServantsListView.swift in Sources */,
				6E2FA5BB248A1BF900822AA0 /* SearchBar.swift in Sources */,
				6ED07247248A4E7B00C2C7D9 /* ServantClassListView.swift in Sources */,
				6EEC2785249A5D00008809E7 /* RoundedButton.swift in Sources */,
				6E1AC302248C9B43004C006A /* CommandCodeAlbumnFrameView.swift in Sources */,
				6ED07249248A4EEE00C2C7D9 /* AppConstants.swift in Sources */,
				6ED0724B248A50C300C2C7D9 /* ServantClassView.swift in Sources */,
				6E69D18124924BAA009A7F00 /* String+Extension.swift in Sources */,
				6ED0724F248A672300C2C7D9 /* GivenServantView.swift in Sources */,
				6ED07245248A30C000C2C7D9 /* ServantBoxView.swift in Sources */,
				6ED07251248A887200C2C7D9 /* CampaignServant.swift in Sources */,
				6E1AC300248C98D4004C006A /* CommandCodeListView.swift in Sources */,
				6E1AC326248CC799004C006A /* MysticCode.swift in Sources */,
				6E4C9D8C248B874000B96630 /* DavinciStoreCraftEssenceListView.swift in Sources */,
				6E1AC33B248D3B22004C006A /* RecentAddServantListView.swift in Sources */,
				6ED07243248A2A7400C2C7D9 /* ServantDetailView.swift in Sources */,
				6E7EA31A248FD1A4006C0321 /* MysticCodeDetailView.swift in Sources */,
				6E1AC2FB248C9634004C006A /* CommandCodeStore.swift in Sources */,
				6E2FA5B3248A0AA000822AA0 /* UIColor+Extension.swift in Sources */,
				6E1AC304248C9C54004C006A /* CommandCodeBoxView.swift in Sources */,
				6E1AC328248CC995004C006A /* MysticCodeStore.swift in Sources */,
				6E2FA5AB248A077C00822AA0 /* AppView.swift in Sources */,
				6E4C9D9A248B96A500B96630 /* CraftEssenceStore.swift in Sources */,
				6E4C9D97248B947C00B96630 /* Data.swift in Sources */,
				6E79A28B24946838002FE7B7 /* UIKitTabView.swift in Sources */,
				6ED211E12491110F005E98D2 /* MysticCodeTableListView.swift in Sources */,
				6E4C9D91248B8BC000B96630 /* CraftEssences.swift in Sources */,
				6E79A28D24964E82002FE7B7 /* CommandCodeDetailView.swift in Sources */,
				6E2FA588248A063F00822AA0 /* AppDelegate.swift in Sources */,
				6E2FA58A248A063F00822AA0 /* SceneDelegate.swift in Sources */,
				6E69D183249271EF009A7F00 /* SeeAllCommandCodeListView.swift in Sources */,
				6E1AC200248C8942004C006A /* CommandCode.swift in Sources */,
				6E1AC32E248CCEFC004C006A /* MysticCodeBoxView.swift in Sources */,
				6E1AC32C248CCD4F004C006A /* MysticCodeListView.swift in Sources */,
				6E4C9D8E248B880F00B96630 /* DavinciStoreCraftEssenceView.swift in Sources */,
				6E2FA5B9248A199400822AA0 /* ServantsView.swift in Sources */,
				6EEC277F249A36D3008809E7 /* RoundedListDetailView.swift in Sources */,
				6E2FA58C248A063F00822AA0 /* ContentView.swift in Sources */,
				6ED07241248A241500C2C7D9 /* TopNServant.swift in Sources */,
				6E7EA31C248FD2E5006C0321 /* CommonCellView.swift in Sources */,
				6EEC2783249A5A75008809E7 /* RoundedShadowButton.swift in Sources */,
				6E1AC1FC248C7F77004C006A /* MasterView.swift in Sources */,
				6E1AC331248D144F004C006A /* FightCharacterFilterListView.swift in Sources */,
				6ED0724D248A661400C2C7D9 /* GivenServantListView.swift in Sources */,
			);
			runOnlyForDeploymentPostprocessing = 0;
		};
		6E2FA596248A064000822AA0 /* Sources */ = {
			isa = PBXSourcesBuildPhase;
			buildActionMask = 2147483647;
			files = (
				6E2FA59F248A064100822AA0 /* FateIndexTests.swift in Sources */,
				6E1AC32A248CCA1B004C006A /* MysticCodeStoreTests.swift in Sources */,
				6E4C9D9C248B9A7E00B96630 /* CraftEssenceStoreTests.swift in Sources */,
				6E1AC2FD248C96F2004C006A /* CommandCodeStoreTests.swift in Sources */,
			);
			runOnlyForDeploymentPostprocessing = 0;
		};
/* End PBXSourcesBuildPhase section */

/* Begin PBXTargetDependency section */
		6E2FA59C248A064000822AA0 /* PBXTargetDependency */ = {
			isa = PBXTargetDependency;
			target = 6E2FA583248A063F00822AA0 /* FateIndex */;
			targetProxy = 6E2FA59B248A064000822AA0 /* PBXContainerItemProxy */;
		};
/* End PBXTargetDependency section */

/* Begin PBXVariantGroup section */
		6E2FA592248A064000822AA0 /* LaunchScreen.storyboard */ = {
			isa = PBXVariantGroup;
			children = (
				6E2FA593248A064000822AA0 /* Base */,
			);
			name = LaunchScreen.storyboard;
			sourceTree = "<group>";
		};
/* End PBXVariantGroup section */

/* Begin XCBuildConfiguration section */
		6E2FA5A1248A064100822AA0 /* Debug */ = {
			isa = XCBuildConfiguration;
			buildSettings = {
				ALWAYS_SEARCH_USER_PATHS = NO;
				CLANG_ANALYZER_NONNULL = YES;
				CLANG_ANALYZER_NUMBER_OBJECT_CONVERSION = YES_AGGRESSIVE;
				CLANG_CXX_LANGUAGE_STANDARD = "gnu++14";
				CLANG_CXX_LIBRARY = "libc++";
				CLANG_ENABLE_MODULES = YES;
				CLANG_ENABLE_OBJC_ARC = YES;
				CLANG_ENABLE_OBJC_WEAK = YES;
				CLANG_WARN_BLOCK_CAPTURE_AUTORELEASING = YES;
				CLANG_WARN_BOOL_CONVERSION = YES;
				CLANG_WARN_COMMA = YES;
				CLANG_WARN_CONSTANT_CONVERSION = YES;
				CLANG_WARN_DEPRECATED_OBJC_IMPLEMENTATIONS = YES;
				CLANG_WARN_DIRECT_OBJC_ISA_USAGE = YES_ERROR;
				CLANG_WARN_DOCUMENTATION_COMMENTS = YES;
				CLANG_WARN_EMPTY_BODY = YES;
				CLANG_WARN_ENUM_CONVERSION = YES;
				CLANG_WARN_INFINITE_RECURSION = YES;
				CLANG_WARN_INT_CONVERSION = YES;
				CLANG_WARN_NON_LITERAL_NULL_CONVERSION = YES;
				CLANG_WARN_OBJC_IMPLICIT_RETAIN_SELF = YES;
				CLANG_WARN_OBJC_LITERAL_CONVERSION = YES;
				CLANG_WARN_OBJC_ROOT_CLASS = YES_ERROR;
				CLANG_WARN_RANGE_LOOP_ANALYSIS = YES;
				CLANG_WARN_STRICT_PROTOTYPES = YES;
				CLANG_WARN_SUSPICIOUS_MOVE = YES;
				CLANG_WARN_UNGUARDED_AVAILABILITY = YES_AGGRESSIVE;
				CLANG_WARN_UNREACHABLE_CODE = YES;
				CLANG_WARN__DUPLICATE_METHOD_MATCH = YES;
				COPY_PHASE_STRIP = NO;
				DEBUG_INFORMATION_FORMAT = dwarf;
				ENABLE_STRICT_OBJC_MSGSEND = YES;
				ENABLE_TESTABILITY = YES;
				GCC_C_LANGUAGE_STANDARD = gnu11;
				GCC_DYNAMIC_NO_PIC = NO;
				GCC_NO_COMMON_BLOCKS = YES;
				GCC_OPTIMIZATION_LEVEL = 0;
				GCC_PREPROCESSOR_DEFINITIONS = (
					"DEBUG=1",
					"$(inherited)",
				);
				GCC_WARN_64_TO_32_BIT_CONVERSION = YES;
				GCC_WARN_ABOUT_RETURN_TYPE = YES_ERROR;
				GCC_WARN_UNDECLARED_SELECTOR = YES;
				GCC_WARN_UNINITIALIZED_AUTOS = YES_AGGRESSIVE;
				GCC_WARN_UNUSED_FUNCTION = YES;
				GCC_WARN_UNUSED_VARIABLE = YES;
				IPHONEOS_DEPLOYMENT_TARGET = 13.5;
				MTL_ENABLE_DEBUG_INFO = INCLUDE_SOURCE;
				MTL_FAST_MATH = YES;
				ONLY_ACTIVE_ARCH = YES;
				SDKROOT = iphoneos;
				SWIFT_ACTIVE_COMPILATION_CONDITIONS = DEBUG;
				SWIFT_OPTIMIZATION_LEVEL = "-Onone";
			};
			name = Debug;
		};
		6E2FA5A2248A064100822AA0 /* Release */ = {
			isa = XCBuildConfiguration;
			buildSettings = {
				ALWAYS_SEARCH_USER_PATHS = NO;
				CLANG_ANALYZER_NONNULL = YES;
				CLANG_ANALYZER_NUMBER_OBJECT_CONVERSION = YES_AGGRESSIVE;
				CLANG_CXX_LANGUAGE_STANDARD = "gnu++14";
				CLANG_CXX_LIBRARY = "libc++";
				CLANG_ENABLE_MODULES = YES;
				CLANG_ENABLE_OBJC_ARC = YES;
				CLANG_ENABLE_OBJC_WEAK = YES;
				CLANG_WARN_BLOCK_CAPTURE_AUTORELEASING = YES;
				CLANG_WARN_BOOL_CONVERSION = YES;
				CLANG_WARN_COMMA = YES;
				CLANG_WARN_CONSTANT_CONVERSION = YES;
				CLANG_WARN_DEPRECATED_OBJC_IMPLEMENTATIONS = YES;
				CLANG_WARN_DIRECT_OBJC_ISA_USAGE = YES_ERROR;
				CLANG_WARN_DOCUMENTATION_COMMENTS = YES;
				CLANG_WARN_EMPTY_BODY = YES;
				CLANG_WARN_ENUM_CONVERSION = YES;
				CLANG_WARN_INFINITE_RECURSION = YES;
				CLANG_WARN_INT_CONVERSION = YES;
				CLANG_WARN_NON_LITERAL_NULL_CONVERSION = YES;
				CLANG_WARN_OBJC_IMPLICIT_RETAIN_SELF = YES;
				CLANG_WARN_OBJC_LITERAL_CONVERSION = YES;
				CLANG_WARN_OBJC_ROOT_CLASS = YES_ERROR;
				CLANG_WARN_RANGE_LOOP_ANALYSIS = YES;
				CLANG_WARN_STRICT_PROTOTYPES = YES;
				CLANG_WARN_SUSPICIOUS_MOVE = YES;
				CLANG_WARN_UNGUARDED_AVAILABILITY = YES_AGGRESSIVE;
				CLANG_WARN_UNREACHABLE_CODE = YES;
				CLANG_WARN__DUPLICATE_METHOD_MATCH = YES;
				COPY_PHASE_STRIP = NO;
				DEBUG_INFORMATION_FORMAT = "dwarf-with-dsym";
				ENABLE_NS_ASSERTIONS = NO;
				ENABLE_STRICT_OBJC_MSGSEND = YES;
				GCC_C_LANGUAGE_STANDARD = gnu11;
				GCC_NO_COMMON_BLOCKS = YES;
				GCC_WARN_64_TO_32_BIT_CONVERSION = YES;
				GCC_WARN_ABOUT_RETURN_TYPE = YES_ERROR;
				GCC_WARN_UNDECLARED_SELECTOR = YES;
				GCC_WARN_UNINITIALIZED_AUTOS = YES_AGGRESSIVE;
				GCC_WARN_UNUSED_FUNCTION = YES;
				GCC_WARN_UNUSED_VARIABLE = YES;
				IPHONEOS_DEPLOYMENT_TARGET = 13.5;
				MTL_ENABLE_DEBUG_INFO = NO;
				MTL_FAST_MATH = YES;
				SDKROOT = iphoneos;
				SWIFT_COMPILATION_MODE = wholemodule;
				SWIFT_OPTIMIZATION_LEVEL = "-O";
				VALIDATE_PRODUCT = YES;
			};
			name = Release;
		};
		6E2FA5A4248A064100822AA0 /* Debug */ = {
			isa = XCBuildConfiguration;
			buildSettings = {
				ASSETCATALOG_COMPILER_APPICON_NAME = AppIcon;
				CODE_SIGN_STYLE = Automatic;
				DEVELOPMENT_ASSET_PATHS = "\"FateIndex/Preview Content\"";
				DEVELOPMENT_TEAM = Y92H4T5NG8;
				ENABLE_PREVIEWS = YES;
				INFOPLIST_FILE = FateIndex/Info.plist;
				LD_RUNPATH_SEARCH_PATHS = (
					"$(inherited)",
					"@executable_path/Frameworks",
				);
				PRODUCT_BUNDLE_IDENTIFIER = "com.FoxHound.Peter-Guan.FateIndex";
				PRODUCT_NAME = "$(TARGET_NAME)";
				SWIFT_VERSION = 5.0;
				TARGETED_DEVICE_FAMILY = "1,2";
			};
			name = Debug;
		};
		6E2FA5A5248A064100822AA0 /* Release */ = {
			isa = XCBuildConfiguration;
			buildSettings = {
				ASSETCATALOG_COMPILER_APPICON_NAME = AppIcon;
				CODE_SIGN_STYLE = Automatic;
				DEVELOPMENT_ASSET_PATHS = "\"FateIndex/Preview Content\"";
				DEVELOPMENT_TEAM = Y92H4T5NG8;
				ENABLE_PREVIEWS = YES;
				INFOPLIST_FILE = FateIndex/Info.plist;
				LD_RUNPATH_SEARCH_PATHS = (
					"$(inherited)",
					"@executable_path/Frameworks",
				);
				PRODUCT_BUNDLE_IDENTIFIER = "com.FoxHound.Peter-Guan.FateIndex";
				PRODUCT_NAME = "$(TARGET_NAME)";
				SWIFT_VERSION = 5.0;
				TARGETED_DEVICE_FAMILY = "1,2";
			};
			name = Release;
		};
		6E2FA5A7248A064100822AA0 /* Debug */ = {
			isa = XCBuildConfiguration;
			buildSettings = {
				ALWAYS_EMBED_SWIFT_STANDARD_LIBRARIES = YES;
				BUNDLE_LOADER = "$(TEST_HOST)";
				CODE_SIGN_STYLE = Automatic;
				DEVELOPMENT_TEAM = Y92H4T5NG8;
				INFOPLIST_FILE = FateIndexTests/Info.plist;
				IPHONEOS_DEPLOYMENT_TARGET = 13.5;
				LD_RUNPATH_SEARCH_PATHS = (
					"$(inherited)",
					"@executable_path/Frameworks",
					"@loader_path/Frameworks",
				);
				PRODUCT_BUNDLE_IDENTIFIER = "com.FoxHound.Peter-Guan.FateIndexTests";
				PRODUCT_NAME = "$(TARGET_NAME)";
				SWIFT_VERSION = 5.0;
				TARGETED_DEVICE_FAMILY = "1,2";
				TEST_HOST = "$(BUILT_PRODUCTS_DIR)/FateIndex.app/FateIndex";
			};
			name = Debug;
		};
		6E2FA5A8248A064100822AA0 /* Release */ = {
			isa = XCBuildConfiguration;
			buildSettings = {
				ALWAYS_EMBED_SWIFT_STANDARD_LIBRARIES = YES;
				BUNDLE_LOADER = "$(TEST_HOST)";
				CODE_SIGN_STYLE = Automatic;
				DEVELOPMENT_TEAM = Y92H4T5NG8;
				INFOPLIST_FILE = FateIndexTests/Info.plist;
				IPHONEOS_DEPLOYMENT_TARGET = 13.5;
				LD_RUNPATH_SEARCH_PATHS = (
					"$(inherited)",
					"@executable_path/Frameworks",
					"@loader_path/Frameworks",
				);
				PRODUCT_BUNDLE_IDENTIFIER = "com.FoxHound.Peter-Guan.FateIndexTests";
				PRODUCT_NAME = "$(TARGET_NAME)";
				SWIFT_VERSION = 5.0;
				TARGETED_DEVICE_FAMILY = "1,2";
				TEST_HOST = "$(BUILT_PRODUCTS_DIR)/FateIndex.app/FateIndex";
			};
			name = Release;
		};
/* End XCBuildConfiguration section */

/* Begin XCConfigurationList section */
		6E2FA57F248A063F00822AA0 /* Build configuration list for PBXProject "FateIndex" */ = {
			isa = XCConfigurationList;
			buildConfigurations = (
				6E2FA5A1248A064100822AA0 /* Debug */,
				6E2FA5A2248A064100822AA0 /* Release */,
			);
			defaultConfigurationIsVisible = 0;
			defaultConfigurationName = Release;
		};
		6E2FA5A3248A064100822AA0 /* Build configuration list for PBXNativeTarget "FateIndex" */ = {
			isa = XCConfigurationList;
			buildConfigurations = (
				6E2FA5A4248A064100822AA0 /* Debug */,
				6E2FA5A5248A064100822AA0 /* Release */,
			);
			defaultConfigurationIsVisible = 0;
			defaultConfigurationName = Release;
		};
		6E2FA5A6248A064100822AA0 /* Build configuration list for PBXNativeTarget "FateIndexTests" */ = {
			isa = XCConfigurationList;
			buildConfigurations = (
				6E2FA5A7248A064100822AA0 /* Debug */,
				6E2FA5A8248A064100822AA0 /* Release */,
			);
			defaultConfigurationIsVisible = 0;
			defaultConfigurationName = Release;
		};
/* End XCConfigurationList section */
	};
	rootObject = 6E2FA57C248A063F00822AA0 /* Project object */;
}
